// !$*UTF8*$!
{
	archiveVersion = 1;
	classes = {
	};
	objectVersion = 46;
	objects = {

/* Begin PBXBuildFile section */
		590FEF0D293D8C60BEE0C470 /* MyUIDelegate.mm in Sources */ = {isa = PBXBuildFile; fileRef = C1C61C80A74C50ECFCC43958 /* MyUIDelegate.mm */; };
		A9DD34891844EC8600A97DC4 /* main.mm in Sources */ = {isa = PBXBuildFile; fileRef = A9DD34871844EC8600A97DC4 /* main.mm */; };
		A9DD348A1844EC8600A97DC4 /* testApp.mm in Sources */ = {isa = PBXBuildFile; fileRef = A9DD34881844EC8600A97DC4 /* testApp.mm */; };
		BBAB23CB13894F3D00AA2426 /* GLUT.framework in CopyFiles */ = {isa = PBXBuildFile; fileRef = BBAB23BE13894E4700AA2426 /* GLUT.framework */; };
		D339C11918CFA0BB008E604C /* .gitignore in Resources */ = {isa = PBXBuildFile; fileRef = D339BFC418CFA0BA008E604C /* .gitignore */; };
		D339C11A18CFA0BB008E604C /* addon_config.mk in Resources */ = {isa = PBXBuildFile; fileRef = D339BFC518CFA0BA008E604C /* addon_config.mk */; };
		D339C19418CFA0BB008E604C /* jsoncpp.cpp in Sources */ = {isa = PBXBuildFile; fileRef = D339C09018CFA0BB008E604C /* jsoncpp.cpp */; };
		D339C19518CFA0BB008E604C /* COPYING in Resources */ = {isa = PBXBuildFile; fileRef = D339C09218CFA0BB008E604C /* COPYING */; };
		D339C19618CFA0BB008E604C /* libwebsockets-test-server.key.pem in Resources */ = {isa = PBXBuildFile; fileRef = D339C09418CFA0BB008E604C /* libwebsockets-test-server.key.pem */; };
		D339C19718CFA0BB008E604C /* libwebsockets-test-server.pem in Resources */ = {isa = PBXBuildFile; fileRef = D339C09518CFA0BB008E604C /* libwebsockets-test-server.pem */; };
		D339C19C18CFA0BB008E604C /* libwebsockets.a in Frameworks */ = {isa = PBXBuildFile; fileRef = D339C0A818CFA0BB008E604C /* libwebsockets.a */; };
		D339C19D18CFA0BB008E604C /* libwebsockets.a in Frameworks */ = {isa = PBXBuildFile; fileRef = D339C0AA18CFA0BB008E604C /* libwebsockets.a */; };
		D339C19E18CFA0BB008E604C /* libwebsockets.a in Frameworks */ = {isa = PBXBuildFile; fileRef = D339C0AC18CFA0BB008E604C /* libwebsockets.a */; };
		D339C19F18CFA0BB008E604C /* websockets.exp in Sources */ = {isa = PBXBuildFile; fileRef = D339C0AF18CFA0BB008E604C /* websockets.exp */; };
		D339C1A018CFA0BB008E604C /* websockets.lib in Frameworks */ = {isa = PBXBuildFile; fileRef = D339C0B018CFA0BB008E604C /* websockets.lib */; };
		D339C1A118CFA0BB008E604C /* websockets_static.lib in Frameworks */ = {isa = PBXBuildFile; fileRef = D339C0B118CFA0BB008E604C /* websockets_static.lib */; };
		D339C1A218CFA0BB008E604C /* websockets_static.pdb in Resources */ = {isa = PBXBuildFile; fileRef = D339C0B218CFA0BB008E604C /* websockets_static.pdb */; };
		D339C1A318CFA0BB008E604C /* ZLIB.lib in Frameworks */ = {isa = PBXBuildFile; fileRef = D339C0B318CFA0BB008E604C /* ZLIB.lib */; };
		D339C1A418CFA0BB008E604C /* zlib.pdb in Resources */ = {isa = PBXBuildFile; fileRef = D339C0B418CFA0BB008E604C /* zlib.pdb */; };
		D339C1A518CFA0BB008E604C /* websockets.exp in Sources */ = {isa = PBXBuildFile; fileRef = D339C0B618CFA0BB008E604C /* websockets.exp */; };
		D339C1A618CFA0BB008E604C /* websockets.lib in Frameworks */ = {isa = PBXBuildFile; fileRef = D339C0B718CFA0BB008E604C /* websockets.lib */; };
		D339C1A718CFA0BB008E604C /* websockets_static.lib in Frameworks */ = {isa = PBXBuildFile; fileRef = D339C0B818CFA0BB008E604C /* websockets_static.lib */; };
		D339C1A818CFA0BB008E604C /* ZLIB.lib in Frameworks */ = {isa = PBXBuildFile; fileRef = D339C0B918CFA0BB008E604C /* ZLIB.lib */; };
		D339C1A918CFA0BB008E604C /* Client.cpp in Sources */ = {isa = PBXBuildFile; fileRef = D339C0C518CFA0BB008E604C /* Client.cpp */; };
		D339C1AA18CFA0BB008E604C /* Connection.cpp in Sources */ = {isa = PBXBuildFile; fileRef = D339C0C618CFA0BB008E604C /* Connection.cpp */; };
		D339C1AB18CFA0BB008E604C /* Events.cpp in Sources */ = {isa = PBXBuildFile; fileRef = D339C0C718CFA0BB008E604C /* Events.cpp */; };
		D339C1AC18CFA0BB008E604C /* Protocol.cpp in Sources */ = {isa = PBXBuildFile; fileRef = D339C0C818CFA0BB008E604C /* Protocol.cpp */; };
		D339C1AD18CFA0BB008E604C /* Reactor.cpp in Sources */ = {isa = PBXBuildFile; fileRef = D339C0C918CFA0BB008E604C /* Reactor.cpp */; };
		D339C1AE18CFA0BB008E604C /* Server.cpp in Sources */ = {isa = PBXBuildFile; fileRef = D339C0CA18CFA0BB008E604C /* Server.cpp */; };
		D339C1AF18CFA0BB008E604C /* libcrypto.a in Frameworks */ = {isa = PBXBuildFile; fileRef = D339C0CE18CFA0BB008E604C /* libcrypto.a */; };
		D339C1B018CFA0BB008E604C /* libssl.a in Frameworks */ = {isa = PBXBuildFile; fileRef = D339C0CF18CFA0BB008E604C /* libssl.a */; };
		D339C1B118CFA0BB008E604C /* libeay32.lib in Frameworks */ = {isa = PBXBuildFile; fileRef = D339C0D118CFA0BB008E604C /* libeay32.lib */; };
		D339C1B218CFA0BB008E604C /* ssleay32.lib in Frameworks */ = {isa = PBXBuildFile; fileRef = D339C0D218CFA0BB008E604C /* ssleay32.lib */; };
		D339C1B318CFA0BB008E604C /* ofxaddons_thumbnail.png in Resources */ = {isa = PBXBuildFile; fileRef = D339C11418CFA0BB008E604C /* ofxaddons_thumbnail.png */; };
		D339C1B418CFA0BB008E604C /* ofxLibwebsockets.xcconfig in Resources */ = {isa = PBXBuildFile; fileRef = D339C11518CFA0BB008E604C /* ofxLibwebsockets.xcconfig */; };
		D339C1B518CFA0BB008E604C /* README.md in Resources */ = {isa = PBXBuildFile; fileRef = D339C11618CFA0BB008E604C /* README.md */; };
		D33E96B318E07D5100CBB90F /* .gitignore in Resources */ = {isa = PBXBuildFile; fileRef = D33E967A18E07D5100CBB90F /* .gitignore */; };
		D33E96C718E07D5100CBB90F /* NoWindow.xib in Resources */ = {isa = PBXBuildFile; fileRef = D33E96A118E07D5100CBB90F /* NoWindow.xib */; };
		D33E96C818E07D5100CBB90F /* README.txt in Resources */ = {isa = PBXBuildFile; fileRef = D33E96A218E07D5100CBB90F /* README.txt */; };
		D33E96C918E07D5100CBB90F /* WithWindow.xib in Resources */ = {isa = PBXBuildFile; fileRef = D33E96A318E07D5100CBB90F /* WithWindow.xib */; };
		D33E96CA18E07D5100CBB90F /* README.md in Resources */ = {isa = PBXBuildFile; fileRef = D33E96A418E07D5100CBB90F /* README.md */; };
		D33E96CB18E07D5100CBB90F /* AppDelegate.mm in Sources */ = {isa = PBXBuildFile; fileRef = D33E96A718E07D5100CBB90F /* AppDelegate.mm */; };
		D33E96CC18E07D5100CBB90F /* AppWindow.mm in Sources */ = {isa = PBXBuildFile; fileRef = D33E96A918E07D5100CBB90F /* AppWindow.mm */; };
		D33E96CD18E07D5100CBB90F /* Events.mm in Sources */ = {isa = PBXBuildFile; fileRef = D33E96AC18E07D5100CBB90F /* Events.mm */; };
		D33E96CE18E07D5100CBB90F /* GLView.mm in Sources */ = {isa = PBXBuildFile; fileRef = D33E96AE18E07D5100CBB90F /* GLView.mm */; };
		D33E96CF18E07D5100CBB90F /* GLWindow.mm in Sources */ = {isa = PBXBuildFile; fileRef = D33E96B018E07D5100CBB90F /* GLWindow.mm */; };
		D33E96D018E07D5100CBB90F /* ofxCocoa.mm in Sources */ = {isa = PBXBuildFile; fileRef = D33E96B218E07D5100CBB90F /* ofxCocoa.mm */; };
		D371D53E18E9B9F70085D1B5 /* iconbuilder.icns in Resources */ = {isa = PBXBuildFile; fileRef = D371D53D18E9B9F70085D1B5 /* iconbuilder.icns */; };
		D3A3099218D8EAD7006C13BC /* Shape Test_01.obj in Resources */ = {isa = PBXBuildFile; fileRef = D3A3099118D8EAD7006C13BC /* Shape Test_01.obj */; };
		D3CB1D5218DA21B60058D084 /* Big_optimized.obj in Resources */ = {isa = PBXBuildFile; fileRef = D3CB1D5118DA21B60058D084 /* Big_optimized.obj */; };
		E2A6919C18CE6328008D8EF1 /* Camera.cpp in Sources */ = {isa = PBXBuildFile; fileRef = E2A6919818CE6328008D8EF1 /* Camera.cpp */; };
		E2A6919D18CE6328008D8EF1 /* ModelMapper.cpp in Sources */ = {isa = PBXBuildFile; fileRef = E2A6919A18CE6328008D8EF1 /* ModelMapper.cpp */; };
		E2A691D518CE6567008D8EF1 /* addon_config.mk in Resources */ = {isa = PBXBuildFile; fileRef = E2A6919F18CE6567008D8EF1 /* addon_config.mk */; };
		E2A691D618CE6567008D8EF1 /* aiColor4D.inl in Resources */ = {isa = PBXBuildFile; fileRef = E2A691A718CE6567008D8EF1 /* aiColor4D.inl */; };
		E2A691D718CE6567008D8EF1 /* aiMaterial.inl in Resources */ = {isa = PBXBuildFile; fileRef = E2A691AD18CE6567008D8EF1 /* aiMaterial.inl */; };
		E2A691D818CE6567008D8EF1 /* aiMatrix3x3.inl in Resources */ = {isa = PBXBuildFile; fileRef = E2A691AF18CE6567008D8EF1 /* aiMatrix3x3.inl */; };
		E2A691D918CE6567008D8EF1 /* aiMatrix4x4.inl in Resources */ = {isa = PBXBuildFile; fileRef = E2A691B118CE6567008D8EF1 /* aiMatrix4x4.inl */; };
		E2A691DA18CE6567008D8EF1 /* aiVector3D.inl in Resources */ = {isa = PBXBuildFile; fileRef = E2A691BA18CE6567008D8EF1 /* aiVector3D.inl */; };
		E2A691DB18CE6567008D8EF1 /* assimp.a in Frameworks */ = {isa = PBXBuildFile; fileRef = E2A691CA18CE6567008D8EF1 /* assimp.a */; };
		E2A691DC18CE6567008D8EF1 /* ofxAssimpAnimation.cpp in Sources */ = {isa = PBXBuildFile; fileRef = E2A691CC18CE6567008D8EF1 /* ofxAssimpAnimation.cpp */; };
		E2A691DD18CE6567008D8EF1 /* ofxAssimpMeshHelper.cpp in Sources */ = {isa = PBXBuildFile; fileRef = E2A691CE18CE6567008D8EF1 /* ofxAssimpMeshHelper.cpp */; };
		E2A691DE18CE6567008D8EF1 /* ofxAssimpModelLoader.cpp in Sources */ = {isa = PBXBuildFile; fileRef = E2A691D018CE6567008D8EF1 /* ofxAssimpModelLoader.cpp */; };
		E2A691DF18CE6567008D8EF1 /* ofxAssimpTexture.cpp in Sources */ = {isa = PBXBuildFile; fileRef = E2A691D218CE6567008D8EF1 /* ofxAssimpTexture.cpp */; };
		E2A695E618CE72E0008D8EF1 /* AVFoundation.framework in Frameworks */ = {isa = PBXBuildFile; fileRef = E2A695E518CE72E0008D8EF1 /* AVFoundation.framework */; };
		E2A695E818CE72EF008D8EF1 /* CoreMedia.framework in Frameworks */ = {isa = PBXBuildFile; fileRef = E2A695E718CE72EF008D8EF1 /* CoreMedia.framework */; };
		E2A695EA18CE7318008D8EF1 /* QuartzCore.framework in Frameworks */ = {isa = PBXBuildFile; fileRef = E2A695E918CE7318008D8EF1 /* QuartzCore.framework */; };
		E2A6965818CE7C9B008D8EF1 /* mesh.obj in Resources */ = {isa = PBXBuildFile; fileRef = E2A6965218CE7C9B008D8EF1 /* mesh.obj */; };
		E2A6965918CE7C9B008D8EF1 /* settings.json in Resources */ = {isa = PBXBuildFile; fileRef = E2A6965318CE7C9B008D8EF1 /* settings.json */; };
		E4328149138ABC9F0047C5CB /* openFrameworksDebug.a in Frameworks */ = {isa = PBXBuildFile; fileRef = E4328148138ABC890047C5CB /* openFrameworksDebug.a */; };
		E45BE97B0E8CC7DD009D7055 /* AGL.framework in Frameworks */ = {isa = PBXBuildFile; fileRef = E45BE9710E8CC7DD009D7055 /* AGL.framework */; };
		E45BE97C0E8CC7DD009D7055 /* ApplicationServices.framework in Frameworks */ = {isa = PBXBuildFile; fileRef = E45BE9720E8CC7DD009D7055 /* ApplicationServices.framework */; };
		E45BE97D0E8CC7DD009D7055 /* AudioToolbox.framework in Frameworks */ = {isa = PBXBuildFile; fileRef = E45BE9730E8CC7DD009D7055 /* AudioToolbox.framework */; };
		E45BE97E0E8CC7DD009D7055 /* Carbon.framework in Frameworks */ = {isa = PBXBuildFile; fileRef = E45BE9740E8CC7DD009D7055 /* Carbon.framework */; };
		E45BE97F0E8CC7DD009D7055 /* CoreAudio.framework in Frameworks */ = {isa = PBXBuildFile; fileRef = E45BE9750E8CC7DD009D7055 /* CoreAudio.framework */; };
		E45BE9800E8CC7DD009D7055 /* CoreFoundation.framework in Frameworks */ = {isa = PBXBuildFile; fileRef = E45BE9760E8CC7DD009D7055 /* CoreFoundation.framework */; };
		E45BE9810E8CC7DD009D7055 /* CoreServices.framework in Frameworks */ = {isa = PBXBuildFile; fileRef = E45BE9770E8CC7DD009D7055 /* CoreServices.framework */; };
		E45BE9830E8CC7DD009D7055 /* OpenGL.framework in Frameworks */ = {isa = PBXBuildFile; fileRef = E45BE9790E8CC7DD009D7055 /* OpenGL.framework */; };
		E45BE9840E8CC7DD009D7055 /* QuickTime.framework in Frameworks */ = {isa = PBXBuildFile; fileRef = E45BE97A0E8CC7DD009D7055 /* QuickTime.framework */; };
		E4C2424710CC5A17004149E2 /* AppKit.framework in Frameworks */ = {isa = PBXBuildFile; fileRef = E4C2424410CC5A17004149E2 /* AppKit.framework */; };
		E4C2424810CC5A17004149E2 /* Cocoa.framework in Frameworks */ = {isa = PBXBuildFile; fileRef = E4C2424510CC5A17004149E2 /* Cocoa.framework */; };
		E4C2424910CC5A17004149E2 /* IOKit.framework in Frameworks */ = {isa = PBXBuildFile; fileRef = E4C2424610CC5A17004149E2 /* IOKit.framework */; };
		E4EB6799138ADC1D00A09F29 /* GLUT.framework in Frameworks */ = {isa = PBXBuildFile; fileRef = BBAB23BE13894E4700AA2426 /* GLUT.framework */; };
		E7E077E515D3B63C0020DFD4 /* CoreVideo.framework in Frameworks */ = {isa = PBXBuildFile; fileRef = E7E077E415D3B63C0020DFD4 /* CoreVideo.framework */; };
		E7E077E815D3B6510020DFD4 /* QTKit.framework in Frameworks */ = {isa = PBXBuildFile; fileRef = E7E077E715D3B6510020DFD4 /* QTKit.framework */; };
		E7F985F815E0DEA3003869B5 /* Accelerate.framework in Frameworks */ = {isa = PBXBuildFile; fileRef = E7F985F515E0DE99003869B5 /* Accelerate.framework */; };
/* End PBXBuildFile section */

/* Begin PBXContainerItemProxy section */
		E4328147138ABC890047C5CB /* PBXContainerItemProxy */ = {
			isa = PBXContainerItemProxy;
			containerPortal = E4328143138ABC890047C5CB /* openFrameworksLib.xcodeproj */;
			proxyType = 2;
			remoteGlobalIDString = E4B27C1510CBEB8E00536013;
			remoteInfo = openFrameworks;
		};
		E4EEB9AB138B136A00A80321 /* PBXContainerItemProxy */ = {
			isa = PBXContainerItemProxy;
			containerPortal = E4328143138ABC890047C5CB /* openFrameworksLib.xcodeproj */;
			proxyType = 1;
			remoteGlobalIDString = E4B27C1410CBEB8E00536013;
			remoteInfo = openFrameworks;
		};
/* End PBXContainerItemProxy section */

/* Begin PBXCopyFilesBuildPhase section */
		E4C2427710CC5ABF004149E2 /* CopyFiles */ = {
			isa = PBXCopyFilesBuildPhase;
			buildActionMask = 2147483647;
			dstPath = "";
			dstSubfolderSpec = 10;
			files = (
				BBAB23CB13894F3D00AA2426 /* GLUT.framework in CopyFiles */,
			);
			runOnlyForDeploymentPostprocessing = 0;
		};
/* End PBXCopyFilesBuildPhase section */

/* Begin PBXFileReference section */
		A9DD34871844EC8600A97DC4 /* main.mm */ = {isa = PBXFileReference; fileEncoding = 4; lastKnownFileType = sourcecode.cpp.objcpp; path = main.mm; sourceTree = "<group>"; };
		A9DD34881844EC8600A97DC4 /* testApp.mm */ = {isa = PBXFileReference; fileEncoding = 4; lastKnownFileType = sourcecode.cpp.objcpp; path = testApp.mm; sourceTree = "<group>"; };
		BBAB23BE13894E4700AA2426 /* GLUT.framework */ = {isa = PBXFileReference; lastKnownFileType = wrapper.framework; name = GLUT.framework; path = ../../../libs/glut/lib/osx/GLUT.framework; sourceTree = "<group>"; };
		C1C61C80A74C50ECFCC43958 /* MyUIDelegate.mm */ = {isa = PBXFileReference; explicitFileType = sourcecode.cpp.objcpp; fileEncoding = 30; name = MyUIDelegate.mm; path = src/MyUIDelegate.mm; sourceTree = SOURCE_ROOT; };
		C645F5078849E368239AADA3 /* MyUIDelegate.h */ = {isa = PBXFileReference; explicitFileType = sourcecode.c.h; fileEncoding = 30; name = MyUIDelegate.h; path = src/MyUIDelegate.h; sourceTree = SOURCE_ROOT; };
		D339BFC418CFA0BA008E604C /* .gitignore */ = {isa = PBXFileReference; fileEncoding = 4; lastKnownFileType = text; path = .gitignore; sourceTree = "<group>"; };
		D339BFC518CFA0BA008E604C /* addon_config.mk */ = {isa = PBXFileReference; fileEncoding = 4; lastKnownFileType = text; path = addon_config.mk; sourceTree = "<group>"; };
		D339C08E18CFA0BB008E604C /* json-forwards.h */ = {isa = PBXFileReference; fileEncoding = 4; lastKnownFileType = sourcecode.c.h; path = "json-forwards.h"; sourceTree = "<group>"; };
		D339C08F18CFA0BB008E604C /* json.h */ = {isa = PBXFileReference; fileEncoding = 4; lastKnownFileType = sourcecode.c.h; path = json.h; sourceTree = "<group>"; };
		D339C09018CFA0BB008E604C /* jsoncpp.cpp */ = {isa = PBXFileReference; fileEncoding = 4; lastKnownFileType = sourcecode.cpp.cpp; path = jsoncpp.cpp; sourceTree = "<group>"; };
		D339C09218CFA0BB008E604C /* COPYING */ = {isa = PBXFileReference; fileEncoding = 4; lastKnownFileType = text; path = COPYING; sourceTree = "<group>"; };
		D339C09418CFA0BB008E604C /* libwebsockets-test-server.key.pem */ = {isa = PBXFileReference; fileEncoding = 4; lastKnownFileType = text; path = "libwebsockets-test-server.key.pem"; sourceTree = "<group>"; };
		D339C09518CFA0BB008E604C /* libwebsockets-test-server.pem */ = {isa = PBXFileReference; fileEncoding = 4; lastKnownFileType = text; path = "libwebsockets-test-server.pem"; sourceTree = "<group>"; };
		D339C09718CFA0BB008E604C /* libwebsockets.h */ = {isa = PBXFileReference; fileEncoding = 4; lastKnownFileType = sourcecode.c.h; path = libwebsockets.h; sourceTree = "<group>"; };
		D339C0A818CFA0BB008E604C /* libwebsockets.a */ = {isa = PBXFileReference; lastKnownFileType = archive.ar; path = libwebsockets.a; sourceTree = "<group>"; };
		D339C0AA18CFA0BB008E604C /* libwebsockets.a */ = {isa = PBXFileReference; lastKnownFileType = archive.ar; path = libwebsockets.a; sourceTree = "<group>"; };
		D339C0AC18CFA0BB008E604C /* libwebsockets.a */ = {isa = PBXFileReference; lastKnownFileType = archive.ar; path = libwebsockets.a; sourceTree = "<group>"; };
		D339C0AF18CFA0BB008E604C /* websockets.exp */ = {isa = PBXFileReference; fileEncoding = 4; lastKnownFileType = sourcecode.exports; path = websockets.exp; sourceTree = "<group>"; };
		D339C0B018CFA0BB008E604C /* websockets.lib */ = {isa = PBXFileReference; lastKnownFileType = archive.ar; path = websockets.lib; sourceTree = "<group>"; };
		D339C0B118CFA0BB008E604C /* websockets_static.lib */ = {isa = PBXFileReference; lastKnownFileType = archive.ar; path = websockets_static.lib; sourceTree = "<group>"; };
		D339C0B218CFA0BB008E604C /* websockets_static.pdb */ = {isa = PBXFileReference; lastKnownFileType = file; path = websockets_static.pdb; sourceTree = "<group>"; };
		D339C0B318CFA0BB008E604C /* ZLIB.lib */ = {isa = PBXFileReference; lastKnownFileType = archive.ar; path = ZLIB.lib; sourceTree = "<group>"; };
		D339C0B418CFA0BB008E604C /* zlib.pdb */ = {isa = PBXFileReference; lastKnownFileType = file; path = zlib.pdb; sourceTree = "<group>"; };
		D339C0B618CFA0BB008E604C /* websockets.exp */ = {isa = PBXFileReference; fileEncoding = 4; lastKnownFileType = sourcecode.exports; path = websockets.exp; sourceTree = "<group>"; };
		D339C0B718CFA0BB008E604C /* websockets.lib */ = {isa = PBXFileReference; lastKnownFileType = archive.ar; path = websockets.lib; sourceTree = "<group>"; };
		D339C0B818CFA0BB008E604C /* websockets_static.lib */ = {isa = PBXFileReference; lastKnownFileType = archive.ar; path = websockets_static.lib; sourceTree = "<group>"; };
		D339C0B918CFA0BB008E604C /* ZLIB.lib */ = {isa = PBXFileReference; lastKnownFileType = archive.ar; path = ZLIB.lib; sourceTree = "<group>"; };
		D339C0BD18CFA0BB008E604C /* Client.h */ = {isa = PBXFileReference; fileEncoding = 4; lastKnownFileType = sourcecode.c.h; path = Client.h; sourceTree = "<group>"; };
		D339C0BE18CFA0BB008E604C /* Connection.h */ = {isa = PBXFileReference; fileEncoding = 4; lastKnownFileType = sourcecode.c.h; path = Connection.h; sourceTree = "<group>"; };
		D339C0BF18CFA0BB008E604C /* Events.h */ = {isa = PBXFileReference; fileEncoding = 4; lastKnownFileType = sourcecode.c.h; path = Events.h; sourceTree = "<group>"; };
		D339C0C018CFA0BB008E604C /* Protocol.h */ = {isa = PBXFileReference; fileEncoding = 4; lastKnownFileType = sourcecode.c.h; path = Protocol.h; sourceTree = "<group>"; };
		D339C0C118CFA0BB008E604C /* Reactor.h */ = {isa = PBXFileReference; fileEncoding = 4; lastKnownFileType = sourcecode.c.h; path = Reactor.h; sourceTree = "<group>"; };
		D339C0C218CFA0BB008E604C /* Server.h */ = {isa = PBXFileReference; fileEncoding = 4; lastKnownFileType = sourcecode.c.h; path = Server.h; sourceTree = "<group>"; };
		D339C0C318CFA0BB008E604C /* Util.h */ = {isa = PBXFileReference; fileEncoding = 4; lastKnownFileType = sourcecode.c.h; path = Util.h; sourceTree = "<group>"; };
		D339C0C518CFA0BB008E604C /* Client.cpp */ = {isa = PBXFileReference; fileEncoding = 4; lastKnownFileType = sourcecode.cpp.cpp; path = Client.cpp; sourceTree = "<group>"; };
		D339C0C618CFA0BB008E604C /* Connection.cpp */ = {isa = PBXFileReference; fileEncoding = 4; lastKnownFileType = sourcecode.cpp.cpp; path = Connection.cpp; sourceTree = "<group>"; };
		D339C0C718CFA0BB008E604C /* Events.cpp */ = {isa = PBXFileReference; fileEncoding = 4; lastKnownFileType = sourcecode.cpp.cpp; path = Events.cpp; sourceTree = "<group>"; };
		D339C0C818CFA0BB008E604C /* Protocol.cpp */ = {isa = PBXFileReference; fileEncoding = 4; lastKnownFileType = sourcecode.cpp.cpp; path = Protocol.cpp; sourceTree = "<group>"; };
		D339C0C918CFA0BB008E604C /* Reactor.cpp */ = {isa = PBXFileReference; fileEncoding = 4; lastKnownFileType = sourcecode.cpp.cpp; path = Reactor.cpp; sourceTree = "<group>"; };
		D339C0CA18CFA0BB008E604C /* Server.cpp */ = {isa = PBXFileReference; fileEncoding = 4; lastKnownFileType = sourcecode.cpp.cpp; path = Server.cpp; sourceTree = "<group>"; };
		D339C0CE18CFA0BB008E604C /* libcrypto.a */ = {isa = PBXFileReference; lastKnownFileType = archive.ar; path = libcrypto.a; sourceTree = "<group>"; };
		D339C0CF18CFA0BB008E604C /* libssl.a */ = {isa = PBXFileReference; lastKnownFileType = archive.ar; path = libssl.a; sourceTree = "<group>"; };
		D339C0D118CFA0BB008E604C /* libeay32.lib */ = {isa = PBXFileReference; lastKnownFileType = archive.ar; path = libeay32.lib; sourceTree = "<group>"; };
		D339C0D218CFA0BB008E604C /* ssleay32.lib */ = {isa = PBXFileReference; lastKnownFileType = archive.ar; path = ssleay32.lib; sourceTree = "<group>"; };
		D339C0D418CFA0BB008E604C /* aes.h */ = {isa = PBXFileReference; fileEncoding = 4; lastKnownFileType = sourcecode.c.h; path = aes.h; sourceTree = "<group>"; };
		D339C0D518CFA0BB008E604C /* asn1.h */ = {isa = PBXFileReference; fileEncoding = 4; lastKnownFileType = sourcecode.c.h; path = asn1.h; sourceTree = "<group>"; };
		D339C0D618CFA0BB008E604C /* asn1_mac.h */ = {isa = PBXFileReference; fileEncoding = 4; lastKnownFileType = sourcecode.c.h; path = asn1_mac.h; sourceTree = "<group>"; };
		D339C0D718CFA0BB008E604C /* asn1t.h */ = {isa = PBXFileReference; fileEncoding = 4; lastKnownFileType = sourcecode.c.h; path = asn1t.h; sourceTree = "<group>"; };
		D339C0D818CFA0BB008E604C /* bio.h */ = {isa = PBXFileReference; fileEncoding = 4; lastKnownFileType = sourcecode.c.h; path = bio.h; sourceTree = "<group>"; };
		D339C0D918CFA0BB008E604C /* blowfish.h */ = {isa = PBXFileReference; fileEncoding = 4; lastKnownFileType = sourcecode.c.h; path = blowfish.h; sourceTree = "<group>"; };
		D339C0DA18CFA0BB008E604C /* bn.h */ = {isa = PBXFileReference; fileEncoding = 4; lastKnownFileType = sourcecode.c.h; path = bn.h; sourceTree = "<group>"; };
		D339C0DB18CFA0BB008E604C /* buffer.h */ = {isa = PBXFileReference; fileEncoding = 4; lastKnownFileType = sourcecode.c.h; path = buffer.h; sourceTree = "<group>"; };
		D339C0DC18CFA0BB008E604C /* cast.h */ = {isa = PBXFileReference; fileEncoding = 4; lastKnownFileType = sourcecode.c.h; path = cast.h; sourceTree = "<group>"; };
		D339C0DD18CFA0BB008E604C /* comp.h */ = {isa = PBXFileReference; fileEncoding = 4; lastKnownFileType = sourcecode.c.h; path = comp.h; sourceTree = "<group>"; };
		D339C0DE18CFA0BB008E604C /* conf.h */ = {isa = PBXFileReference; fileEncoding = 4; lastKnownFileType = sourcecode.c.h; path = conf.h; sourceTree = "<group>"; };
		D339C0DF18CFA0BB008E604C /* conf_api.h */ = {isa = PBXFileReference; fileEncoding = 4; lastKnownFileType = sourcecode.c.h; path = conf_api.h; sourceTree = "<group>"; };
		D339C0E018CFA0BB008E604C /* crypto.h */ = {isa = PBXFileReference; fileEncoding = 4; lastKnownFileType = sourcecode.c.h; path = crypto.h; sourceTree = "<group>"; };
		D339C0E118CFA0BB008E604C /* des.h */ = {isa = PBXFileReference; fileEncoding = 4; lastKnownFileType = sourcecode.c.h; path = des.h; sourceTree = "<group>"; };
		D339C0E218CFA0BB008E604C /* des_old.h */ = {isa = PBXFileReference; fileEncoding = 4; lastKnownFileType = sourcecode.c.h; path = des_old.h; sourceTree = "<group>"; };
		D339C0E318CFA0BB008E604C /* dh.h */ = {isa = PBXFileReference; fileEncoding = 4; lastKnownFileType = sourcecode.c.h; path = dh.h; sourceTree = "<group>"; };
		D339C0E418CFA0BB008E604C /* dsa.h */ = {isa = PBXFileReference; fileEncoding = 4; lastKnownFileType = sourcecode.c.h; path = dsa.h; sourceTree = "<group>"; };
		D339C0E518CFA0BB008E604C /* dso.h */ = {isa = PBXFileReference; fileEncoding = 4; lastKnownFileType = sourcecode.c.h; path = dso.h; sourceTree = "<group>"; };
		D339C0E618CFA0BB008E604C /* e_os2.h */ = {isa = PBXFileReference; fileEncoding = 4; lastKnownFileType = sourcecode.c.h; path = e_os2.h; sourceTree = "<group>"; };
		D339C0E718CFA0BB008E604C /* ebcdic.h */ = {isa = PBXFileReference; fileEncoding = 4; lastKnownFileType = sourcecode.c.h; path = ebcdic.h; sourceTree = "<group>"; };
		D339C0E818CFA0BB008E604C /* ec.h */ = {isa = PBXFileReference; fileEncoding = 4; lastKnownFileType = sourcecode.c.h; path = ec.h; sourceTree = "<group>"; };
		D339C0E918CFA0BB008E604C /* engine.h */ = {isa = PBXFileReference; fileEncoding = 4; lastKnownFileType = sourcecode.c.h; path = engine.h; sourceTree = "<group>"; };
		D339C0EA18CFA0BB008E604C /* err.h */ = {isa = PBXFileReference; fileEncoding = 4; lastKnownFileType = sourcecode.c.h; path = err.h; sourceTree = "<group>"; };
		D339C0EB18CFA0BB008E604C /* evp.h */ = {isa = PBXFileReference; fileEncoding = 4; lastKnownFileType = sourcecode.c.h; path = evp.h; sourceTree = "<group>"; };
		D339C0EC18CFA0BB008E604C /* hmac.h */ = {isa = PBXFileReference; fileEncoding = 4; lastKnownFileType = sourcecode.c.h; path = hmac.h; sourceTree = "<group>"; };
		D339C0ED18CFA0BB008E604C /* krb5_asn.h */ = {isa = PBXFileReference; fileEncoding = 4; lastKnownFileType = sourcecode.c.h; path = krb5_asn.h; sourceTree = "<group>"; };
		D339C0EE18CFA0BB008E604C /* kssl.h */ = {isa = PBXFileReference; fileEncoding = 4; lastKnownFileType = sourcecode.c.h; path = kssl.h; sourceTree = "<group>"; };
		D339C0EF18CFA0BB008E604C /* lhash.h */ = {isa = PBXFileReference; fileEncoding = 4; lastKnownFileType = sourcecode.c.h; path = lhash.h; sourceTree = "<group>"; };
		D339C0F018CFA0BB008E604C /* md2.h */ = {isa = PBXFileReference; fileEncoding = 4; lastKnownFileType = sourcecode.c.h; path = md2.h; sourceTree = "<group>"; };
		D339C0F118CFA0BB008E604C /* md4.h */ = {isa = PBXFileReference; fileEncoding = 4; lastKnownFileType = sourcecode.c.h; path = md4.h; sourceTree = "<group>"; };
		D339C0F218CFA0BB008E604C /* md5.h */ = {isa = PBXFileReference; fileEncoding = 4; lastKnownFileType = sourcecode.c.h; path = md5.h; sourceTree = "<group>"; };
		D339C0F318CFA0BB008E604C /* mdc2.h */ = {isa = PBXFileReference; fileEncoding = 4; lastKnownFileType = sourcecode.c.h; path = mdc2.h; sourceTree = "<group>"; };
		D339C0F418CFA0BB008E604C /* obj_mac.h */ = {isa = PBXFileReference; fileEncoding = 4; lastKnownFileType = sourcecode.c.h; path = obj_mac.h; sourceTree = "<group>"; };
		D339C0F518CFA0BB008E604C /* objects.h */ = {isa = PBXFileReference; fileEncoding = 4; lastKnownFileType = sourcecode.c.h; path = objects.h; sourceTree = "<group>"; };
		D339C0F618CFA0BB008E604C /* ocsp.h */ = {isa = PBXFileReference; fileEncoding = 4; lastKnownFileType = sourcecode.c.h; path = ocsp.h; sourceTree = "<group>"; };
		D339C0F718CFA0BB008E604C /* opensslconf.h */ = {isa = PBXFileReference; fileEncoding = 4; lastKnownFileType = sourcecode.c.h; path = opensslconf.h; sourceTree = "<group>"; };
		D339C0F818CFA0BB008E604C /* opensslv.h */ = {isa = PBXFileReference; fileEncoding = 4; lastKnownFileType = sourcecode.c.h; path = opensslv.h; sourceTree = "<group>"; };
		D339C0F918CFA0BB008E604C /* ossl_typ.h */ = {isa = PBXFileReference; fileEncoding = 4; lastKnownFileType = sourcecode.c.h; path = ossl_typ.h; sourceTree = "<group>"; };
		D339C0FA18CFA0BB008E604C /* pem.h */ = {isa = PBXFileReference; fileEncoding = 4; lastKnownFileType = sourcecode.c.h; path = pem.h; sourceTree = "<group>"; };
		D339C0FB18CFA0BB008E604C /* pem2.h */ = {isa = PBXFileReference; fileEncoding = 4; lastKnownFileType = sourcecode.c.h; path = pem2.h; sourceTree = "<group>"; };
		D339C0FC18CFA0BB008E604C /* pkcs12.h */ = {isa = PBXFileReference; fileEncoding = 4; lastKnownFileType = sourcecode.c.h; path = pkcs12.h; sourceTree = "<group>"; };
		D339C0FD18CFA0BB008E604C /* pkcs7.h */ = {isa = PBXFileReference; fileEncoding = 4; lastKnownFileType = sourcecode.c.h; path = pkcs7.h; sourceTree = "<group>"; };
		D339C0FE18CFA0BB008E604C /* rand.h */ = {isa = PBXFileReference; fileEncoding = 4; lastKnownFileType = sourcecode.c.h; path = rand.h; sourceTree = "<group>"; };
		D339C0FF18CFA0BB008E604C /* rc2.h */ = {isa = PBXFileReference; fileEncoding = 4; lastKnownFileType = sourcecode.c.h; path = rc2.h; sourceTree = "<group>"; };
		D339C10018CFA0BB008E604C /* rc4.h */ = {isa = PBXFileReference; fileEncoding = 4; lastKnownFileType = sourcecode.c.h; path = rc4.h; sourceTree = "<group>"; };
		D339C10118CFA0BB008E604C /* rc5.h */ = {isa = PBXFileReference; fileEncoding = 4; lastKnownFileType = sourcecode.c.h; path = rc5.h; sourceTree = "<group>"; };
		D339C10218CFA0BB008E604C /* ripemd.h */ = {isa = PBXFileReference; fileEncoding = 4; lastKnownFileType = sourcecode.c.h; path = ripemd.h; sourceTree = "<group>"; };
		D339C10318CFA0BB008E604C /* rsa.h */ = {isa = PBXFileReference; fileEncoding = 4; lastKnownFileType = sourcecode.c.h; path = rsa.h; sourceTree = "<group>"; };
		D339C10418CFA0BB008E604C /* safestack.h */ = {isa = PBXFileReference; fileEncoding = 4; lastKnownFileType = sourcecode.c.h; path = safestack.h; sourceTree = "<group>"; };
		D339C10518CFA0BB008E604C /* sha.h */ = {isa = PBXFileReference; fileEncoding = 4; lastKnownFileType = sourcecode.c.h; path = sha.h; sourceTree = "<group>"; };
		D339C10618CFA0BB008E604C /* ssl.h */ = {isa = PBXFileReference; fileEncoding = 4; lastKnownFileType = sourcecode.c.h; path = ssl.h; sourceTree = "<group>"; };
		D339C10718CFA0BB008E604C /* ssl2.h */ = {isa = PBXFileReference; fileEncoding = 4; lastKnownFileType = sourcecode.c.h; path = ssl2.h; sourceTree = "<group>"; };
		D339C10818CFA0BB008E604C /* ssl23.h */ = {isa = PBXFileReference; fileEncoding = 4; lastKnownFileType = sourcecode.c.h; path = ssl23.h; sourceTree = "<group>"; };
		D339C10918CFA0BB008E604C /* ssl3.h */ = {isa = PBXFileReference; fileEncoding = 4; lastKnownFileType = sourcecode.c.h; path = ssl3.h; sourceTree = "<group>"; };
		D339C10A18CFA0BB008E604C /* stack.h */ = {isa = PBXFileReference; fileEncoding = 4; lastKnownFileType = sourcecode.c.h; path = stack.h; sourceTree = "<group>"; };
		D339C10B18CFA0BB008E604C /* symhacks.h */ = {isa = PBXFileReference; fileEncoding = 4; lastKnownFileType = sourcecode.c.h; path = symhacks.h; sourceTree = "<group>"; };
		D339C10C18CFA0BB008E604C /* tls1.h */ = {isa = PBXFileReference; fileEncoding = 4; lastKnownFileType = sourcecode.c.h; path = tls1.h; sourceTree = "<group>"; };
		D339C10D18CFA0BB008E604C /* tmdiff.h */ = {isa = PBXFileReference; fileEncoding = 4; lastKnownFileType = sourcecode.c.h; path = tmdiff.h; sourceTree = "<group>"; };
		D339C10E18CFA0BB008E604C /* txt_db.h */ = {isa = PBXFileReference; fileEncoding = 4; lastKnownFileType = sourcecode.c.h; path = txt_db.h; sourceTree = "<group>"; };
		D339C10F18CFA0BB008E604C /* ui.h */ = {isa = PBXFileReference; fileEncoding = 4; lastKnownFileType = sourcecode.c.h; path = ui.h; sourceTree = "<group>"; };
		D339C11018CFA0BB008E604C /* ui_compat.h */ = {isa = PBXFileReference; fileEncoding = 4; lastKnownFileType = sourcecode.c.h; path = ui_compat.h; sourceTree = "<group>"; };
		D339C11118CFA0BB008E604C /* x509.h */ = {isa = PBXFileReference; fileEncoding = 4; lastKnownFileType = sourcecode.c.h; path = x509.h; sourceTree = "<group>"; };
		D339C11218CFA0BB008E604C /* x509_vfy.h */ = {isa = PBXFileReference; fileEncoding = 4; lastKnownFileType = sourcecode.c.h; path = x509_vfy.h; sourceTree = "<group>"; };
		D339C11318CFA0BB008E604C /* x509v3.h */ = {isa = PBXFileReference; fileEncoding = 4; lastKnownFileType = sourcecode.c.h; path = x509v3.h; sourceTree = "<group>"; };
		D339C11418CFA0BB008E604C /* ofxaddons_thumbnail.png */ = {isa = PBXFileReference; lastKnownFileType = image.png; path = ofxaddons_thumbnail.png; sourceTree = "<group>"; };
		D339C11518CFA0BB008E604C /* ofxLibwebsockets.xcconfig */ = {isa = PBXFileReference; fileEncoding = 4; lastKnownFileType = text.xcconfig; path = ofxLibwebsockets.xcconfig; sourceTree = "<group>"; };
		D339C11618CFA0BB008E604C /* README.md */ = {isa = PBXFileReference; fileEncoding = 4; lastKnownFileType = text; path = README.md; sourceTree = "<group>"; };
		D339C11818CFA0BB008E604C /* ofxLibwebsockets.h */ = {isa = PBXFileReference; fileEncoding = 4; lastKnownFileType = sourcecode.c.h; path = ofxLibwebsockets.h; sourceTree = "<group>"; };
		D33E967A18E07D5100CBB90F /* .gitignore */ = {isa = PBXFileReference; fileEncoding = 4; lastKnownFileType = text; path = .gitignore; sourceTree = "<group>"; };
		D33E96A118E07D5100CBB90F /* NoWindow.xib */ = {isa = PBXFileReference; fileEncoding = 4; lastKnownFileType = file.xib; path = NoWindow.xib; sourceTree = "<group>"; };
		D33E96A218E07D5100CBB90F /* README.txt */ = {isa = PBXFileReference; fileEncoding = 4; lastKnownFileType = text; path = README.txt; sourceTree = "<group>"; };
		D33E96A318E07D5100CBB90F /* WithWindow.xib */ = {isa = PBXFileReference; fileEncoding = 4; lastKnownFileType = file.xib; path = WithWindow.xib; sourceTree = "<group>"; };
		D33E96A418E07D5100CBB90F /* README.md */ = {isa = PBXFileReference; fileEncoding = 4; lastKnownFileType = text; path = README.md; sourceTree = "<group>"; };
		D33E96A618E07D5100CBB90F /* AppDelegate.h */ = {isa = PBXFileReference; fileEncoding = 4; lastKnownFileType = sourcecode.c.h; path = AppDelegate.h; sourceTree = "<group>"; };
		D33E96A718E07D5100CBB90F /* AppDelegate.mm */ = {isa = PBXFileReference; fileEncoding = 4; lastKnownFileType = sourcecode.cpp.objcpp; path = AppDelegate.mm; sourceTree = "<group>"; };
		D33E96A818E07D5100CBB90F /* AppWindow.h */ = {isa = PBXFileReference; fileEncoding = 4; lastKnownFileType = sourcecode.c.h; path = AppWindow.h; sourceTree = "<group>"; };
		D33E96A918E07D5100CBB90F /* AppWindow.mm */ = {isa = PBXFileReference; fileEncoding = 4; lastKnownFileType = sourcecode.cpp.objcpp; path = AppWindow.mm; sourceTree = "<group>"; };
		D33E96AA18E07D5100CBB90F /* CocoaInitSettings.h */ = {isa = PBXFileReference; fileEncoding = 4; lastKnownFileType = sourcecode.c.h; path = CocoaInitSettings.h; sourceTree = "<group>"; };
		D33E96AB18E07D5100CBB90F /* Events.h */ = {isa = PBXFileReference; fileEncoding = 4; lastKnownFileType = sourcecode.c.h; path = Events.h; sourceTree = "<group>"; };
		D33E96AC18E07D5100CBB90F /* Events.mm */ = {isa = PBXFileReference; fileEncoding = 4; lastKnownFileType = sourcecode.cpp.objcpp; path = Events.mm; sourceTree = "<group>"; };
		D33E96AD18E07D5100CBB90F /* GLView.h */ = {isa = PBXFileReference; fileEncoding = 4; lastKnownFileType = sourcecode.c.h; path = GLView.h; sourceTree = "<group>"; };
		D33E96AE18E07D5100CBB90F /* GLView.mm */ = {isa = PBXFileReference; fileEncoding = 4; lastKnownFileType = sourcecode.cpp.objcpp; path = GLView.mm; sourceTree = "<group>"; };
		D33E96AF18E07D5100CBB90F /* GLWindow.h */ = {isa = PBXFileReference; fileEncoding = 4; lastKnownFileType = sourcecode.c.h; path = GLWindow.h; sourceTree = "<group>"; };
		D33E96B018E07D5100CBB90F /* GLWindow.mm */ = {isa = PBXFileReference; fileEncoding = 4; lastKnownFileType = sourcecode.cpp.objcpp; path = GLWindow.mm; sourceTree = "<group>"; };
		D33E96B118E07D5100CBB90F /* ofxCocoa.h */ = {isa = PBXFileReference; fileEncoding = 4; lastKnownFileType = sourcecode.c.h; path = ofxCocoa.h; sourceTree = "<group>"; };
		D33E96B218E07D5100CBB90F /* ofxCocoa.mm */ = {isa = PBXFileReference; fileEncoding = 4; lastKnownFileType = sourcecode.cpp.objcpp; path = ofxCocoa.mm; sourceTree = "<group>"; };
		D371D53D18E9B9F70085D1B5 /* iconbuilder.icns */ = {isa = PBXFileReference; lastKnownFileType = image.icns; path = iconbuilder.icns; sourceTree = "<group>"; };
		D3A3099118D8EAD7006C13BC /* Shape Test_01.obj */ = {isa = PBXFileReference; fileEncoding = 4; lastKnownFileType = text; path = "Shape Test_01.obj"; sourceTree = "<group>"; };
		D3CB1D5118DA21B60058D084 /* Big_optimized.obj */ = {isa = PBXFileReference; fileEncoding = 4; lastKnownFileType = text; path = Big_optimized.obj; sourceTree = "<group>"; };
		E2A6919818CE6328008D8EF1 /* Camera.cpp */ = {isa = PBXFileReference; fileEncoding = 4; lastKnownFileType = sourcecode.cpp.cpp; path = Camera.cpp; sourceTree = "<group>"; };
		E2A6919918CE6328008D8EF1 /* Camera.h */ = {isa = PBXFileReference; fileEncoding = 4; lastKnownFileType = sourcecode.c.h; path = Camera.h; sourceTree = "<group>"; };
		E2A6919A18CE6328008D8EF1 /* ModelMapper.cpp */ = {isa = PBXFileReference; fileEncoding = 4; lastKnownFileType = sourcecode.cpp.cpp; path = ModelMapper.cpp; sourceTree = "<group>"; };
		E2A6919B18CE6328008D8EF1 /* ModelMapper.h */ = {isa = PBXFileReference; fileEncoding = 4; lastKnownFileType = sourcecode.c.h; path = ModelMapper.h; sourceTree = "<group>"; };
		E2A6919F18CE6567008D8EF1 /* addon_config.mk */ = {isa = PBXFileReference; fileEncoding = 4; lastKnownFileType = text; path = addon_config.mk; sourceTree = "<group>"; };
		E2A691A318CE6567008D8EF1 /* aiAnim.h */ = {isa = PBXFileReference; fileEncoding = 4; lastKnownFileType = sourcecode.c.h; path = aiAnim.h; sourceTree = "<group>"; };
		E2A691A418CE6567008D8EF1 /* aiAssert.h */ = {isa = PBXFileReference; fileEncoding = 4; lastKnownFileType = sourcecode.c.h; path = aiAssert.h; sourceTree = "<group>"; };
		E2A691A518CE6567008D8EF1 /* aiCamera.h */ = {isa = PBXFileReference; fileEncoding = 4; lastKnownFileType = sourcecode.c.h; path = aiCamera.h; sourceTree = "<group>"; };
		E2A691A618CE6567008D8EF1 /* aiColor4D.h */ = {isa = PBXFileReference; fileEncoding = 4; lastKnownFileType = sourcecode.c.h; path = aiColor4D.h; sourceTree = "<group>"; };
		E2A691A718CE6567008D8EF1 /* aiColor4D.inl */ = {isa = PBXFileReference; fileEncoding = 4; lastKnownFileType = text; path = aiColor4D.inl; sourceTree = "<group>"; };
		E2A691A818CE6567008D8EF1 /* aiConfig.h */ = {isa = PBXFileReference; fileEncoding = 4; lastKnownFileType = sourcecode.c.h; path = aiConfig.h; sourceTree = "<group>"; };
		E2A691A918CE6567008D8EF1 /* aiDefines.h */ = {isa = PBXFileReference; fileEncoding = 4; lastKnownFileType = sourcecode.c.h; path = aiDefines.h; sourceTree = "<group>"; };
		E2A691AA18CE6567008D8EF1 /* aiFileIO.h */ = {isa = PBXFileReference; fileEncoding = 4; lastKnownFileType = sourcecode.c.h; path = aiFileIO.h; sourceTree = "<group>"; };
		E2A691AB18CE6567008D8EF1 /* aiLight.h */ = {isa = PBXFileReference; fileEncoding = 4; lastKnownFileType = sourcecode.c.h; path = aiLight.h; sourceTree = "<group>"; };
		E2A691AC18CE6567008D8EF1 /* aiMaterial.h */ = {isa = PBXFileReference; fileEncoding = 4; lastKnownFileType = sourcecode.c.h; path = aiMaterial.h; sourceTree = "<group>"; };
		E2A691AD18CE6567008D8EF1 /* aiMaterial.inl */ = {isa = PBXFileReference; fileEncoding = 4; lastKnownFileType = text; path = aiMaterial.inl; sourceTree = "<group>"; };
		E2A691AE18CE6567008D8EF1 /* aiMatrix3x3.h */ = {isa = PBXFileReference; fileEncoding = 4; lastKnownFileType = sourcecode.c.h; path = aiMatrix3x3.h; sourceTree = "<group>"; };
		E2A691AF18CE6567008D8EF1 /* aiMatrix3x3.inl */ = {isa = PBXFileReference; fileEncoding = 4; lastKnownFileType = text; path = aiMatrix3x3.inl; sourceTree = "<group>"; };
		E2A691B018CE6567008D8EF1 /* aiMatrix4x4.h */ = {isa = PBXFileReference; fileEncoding = 4; lastKnownFileType = sourcecode.c.h; path = aiMatrix4x4.h; sourceTree = "<group>"; };
		E2A691B118CE6567008D8EF1 /* aiMatrix4x4.inl */ = {isa = PBXFileReference; fileEncoding = 4; lastKnownFileType = text; path = aiMatrix4x4.inl; sourceTree = "<group>"; };
		E2A691B218CE6567008D8EF1 /* aiMesh.h */ = {isa = PBXFileReference; fileEncoding = 4; lastKnownFileType = sourcecode.c.h; path = aiMesh.h; sourceTree = "<group>"; };
		E2A691B318CE6567008D8EF1 /* aiPostProcess.h */ = {isa = PBXFileReference; fileEncoding = 4; lastKnownFileType = sourcecode.c.h; path = aiPostProcess.h; sourceTree = "<group>"; };
		E2A691B418CE6567008D8EF1 /* aiQuaternion.h */ = {isa = PBXFileReference; fileEncoding = 4; lastKnownFileType = sourcecode.c.h; path = aiQuaternion.h; sourceTree = "<group>"; };
		E2A691B518CE6567008D8EF1 /* aiScene.h */ = {isa = PBXFileReference; fileEncoding = 4; lastKnownFileType = sourcecode.c.h; path = aiScene.h; sourceTree = "<group>"; };
		E2A691B618CE6567008D8EF1 /* aiTexture.h */ = {isa = PBXFileReference; fileEncoding = 4; lastKnownFileType = sourcecode.c.h; path = aiTexture.h; sourceTree = "<group>"; };
		E2A691B718CE6567008D8EF1 /* aiTypes.h */ = {isa = PBXFileReference; fileEncoding = 4; lastKnownFileType = sourcecode.c.h; path = aiTypes.h; sourceTree = "<group>"; };
		E2A691B818CE6567008D8EF1 /* aiVector2D.h */ = {isa = PBXFileReference; fileEncoding = 4; lastKnownFileType = sourcecode.c.h; path = aiVector2D.h; sourceTree = "<group>"; };
		E2A691B918CE6567008D8EF1 /* aiVector3D.h */ = {isa = PBXFileReference; fileEncoding = 4; lastKnownFileType = sourcecode.c.h; path = aiVector3D.h; sourceTree = "<group>"; };
		E2A691BA18CE6567008D8EF1 /* aiVector3D.inl */ = {isa = PBXFileReference; fileEncoding = 4; lastKnownFileType = text; path = aiVector3D.inl; sourceTree = "<group>"; };
		E2A691BB18CE6567008D8EF1 /* aiVersion.h */ = {isa = PBXFileReference; fileEncoding = 4; lastKnownFileType = sourcecode.c.h; path = aiVersion.h; sourceTree = "<group>"; };
		E2A691BC18CE6567008D8EF1 /* assimp.h */ = {isa = PBXFileReference; fileEncoding = 4; lastKnownFileType = sourcecode.c.h; path = assimp.h; sourceTree = "<group>"; };
		E2A691BD18CE6567008D8EF1 /* assimp.hpp */ = {isa = PBXFileReference; fileEncoding = 4; lastKnownFileType = sourcecode.cpp.h; path = assimp.hpp; sourceTree = "<group>"; };
		E2A691BF18CE6567008D8EF1 /* poppack1.h */ = {isa = PBXFileReference; fileEncoding = 4; lastKnownFileType = sourcecode.c.h; path = poppack1.h; sourceTree = "<group>"; };
		E2A691C018CE6567008D8EF1 /* pushpack1.h */ = {isa = PBXFileReference; fileEncoding = 4; lastKnownFileType = sourcecode.c.h; path = pushpack1.h; sourceTree = "<group>"; };
		E2A691C118CE6567008D8EF1 /* DefaultLogger.h */ = {isa = PBXFileReference; fileEncoding = 4; lastKnownFileType = sourcecode.c.h; path = DefaultLogger.h; sourceTree = "<group>"; };
		E2A691C218CE6567008D8EF1 /* IOStream.h */ = {isa = PBXFileReference; fileEncoding = 4; lastKnownFileType = sourcecode.c.h; path = IOStream.h; sourceTree = "<group>"; };
		E2A691C318CE6567008D8EF1 /* IOSystem.h */ = {isa = PBXFileReference; fileEncoding = 4; lastKnownFileType = sourcecode.c.h; path = IOSystem.h; sourceTree = "<group>"; };
		E2A691C418CE6567008D8EF1 /* Logger.h */ = {isa = PBXFileReference; fileEncoding = 4; lastKnownFileType = sourcecode.c.h; path = Logger.h; sourceTree = "<group>"; };
		E2A691C518CE6567008D8EF1 /* LogStream.h */ = {isa = PBXFileReference; fileEncoding = 4; lastKnownFileType = sourcecode.c.h; path = LogStream.h; sourceTree = "<group>"; };
		E2A691C618CE6567008D8EF1 /* NullLogger.h */ = {isa = PBXFileReference; fileEncoding = 4; lastKnownFileType = sourcecode.c.h; path = NullLogger.h; sourceTree = "<group>"; };
		E2A691C718CE6567008D8EF1 /* ProgressHandler.h */ = {isa = PBXFileReference; fileEncoding = 4; lastKnownFileType = sourcecode.c.h; path = ProgressHandler.h; sourceTree = "<group>"; };
		E2A691CA18CE6567008D8EF1 /* assimp.a */ = {isa = PBXFileReference; lastKnownFileType = archive.ar; path = assimp.a; sourceTree = "<group>"; };
		E2A691CC18CE6567008D8EF1 /* ofxAssimpAnimation.cpp */ = {isa = PBXFileReference; fileEncoding = 4; lastKnownFileType = sourcecode.cpp.cpp; path = ofxAssimpAnimation.cpp; sourceTree = "<group>"; };
		E2A691CD18CE6567008D8EF1 /* ofxAssimpAnimation.h */ = {isa = PBXFileReference; fileEncoding = 4; lastKnownFileType = sourcecode.c.h; path = ofxAssimpAnimation.h; sourceTree = "<group>"; };
		E2A691CE18CE6567008D8EF1 /* ofxAssimpMeshHelper.cpp */ = {isa = PBXFileReference; fileEncoding = 4; lastKnownFileType = sourcecode.cpp.cpp; path = ofxAssimpMeshHelper.cpp; sourceTree = "<group>"; };
		E2A691CF18CE6567008D8EF1 /* ofxAssimpMeshHelper.h */ = {isa = PBXFileReference; fileEncoding = 4; lastKnownFileType = sourcecode.c.h; path = ofxAssimpMeshHelper.h; sourceTree = "<group>"; };
		E2A691D018CE6567008D8EF1 /* ofxAssimpModelLoader.cpp */ = {isa = PBXFileReference; fileEncoding = 4; lastKnownFileType = sourcecode.cpp.cpp; path = ofxAssimpModelLoader.cpp; sourceTree = "<group>"; };
		E2A691D118CE6567008D8EF1 /* ofxAssimpModelLoader.h */ = {isa = PBXFileReference; fileEncoding = 4; lastKnownFileType = sourcecode.c.h; path = ofxAssimpModelLoader.h; sourceTree = "<group>"; };
		E2A691D218CE6567008D8EF1 /* ofxAssimpTexture.cpp */ = {isa = PBXFileReference; fileEncoding = 4; lastKnownFileType = sourcecode.cpp.cpp; path = ofxAssimpTexture.cpp; sourceTree = "<group>"; };
		E2A691D318CE6567008D8EF1 /* ofxAssimpTexture.h */ = {isa = PBXFileReference; fileEncoding = 4; lastKnownFileType = sourcecode.c.h; path = ofxAssimpTexture.h; sourceTree = "<group>"; };
		E2A691D418CE6567008D8EF1 /* ofxAssimpUtils.h */ = {isa = PBXFileReference; fileEncoding = 4; lastKnownFileType = sourcecode.c.h; path = ofxAssimpUtils.h; sourceTree = "<group>"; };
		E2A695E518CE72E0008D8EF1 /* AVFoundation.framework */ = {isa = PBXFileReference; lastKnownFileType = wrapper.framework; name = AVFoundation.framework; path = System/Library/Frameworks/AVFoundation.framework; sourceTree = SDKROOT; };
		E2A695E718CE72EF008D8EF1 /* CoreMedia.framework */ = {isa = PBXFileReference; lastKnownFileType = wrapper.framework; name = CoreMedia.framework; path = System/Library/Frameworks/CoreMedia.framework; sourceTree = SDKROOT; };
		E2A695E918CE7318008D8EF1 /* QuartzCore.framework */ = {isa = PBXFileReference; lastKnownFileType = wrapper.framework; name = QuartzCore.framework; path = System/Library/Frameworks/QuartzCore.framework; sourceTree = SDKROOT; };
		E2A6965218CE7C9B008D8EF1 /* mesh.obj */ = {isa = PBXFileReference; fileEncoding = 4; lastKnownFileType = text; path = mesh.obj; sourceTree = "<group>"; };
		E2A6965318CE7C9B008D8EF1 /* settings.json */ = {isa = PBXFileReference; fileEncoding = 4; lastKnownFileType = text.json; path = settings.json; sourceTree = "<group>"; };
		E4328143138ABC890047C5CB /* openFrameworksLib.xcodeproj */ = {isa = PBXFileReference; lastKnownFileType = "wrapper.pb-project"; name = openFrameworksLib.xcodeproj; path = ../../../libs/openFrameworksCompiled/project/osx/openFrameworksLib.xcodeproj; sourceTree = SOURCE_ROOT; };
		E45BE9710E8CC7DD009D7055 /* AGL.framework */ = {isa = PBXFileReference; lastKnownFileType = wrapper.framework; name = AGL.framework; path = /System/Library/Frameworks/AGL.framework; sourceTree = "<absolute>"; };
		E45BE9720E8CC7DD009D7055 /* ApplicationServices.framework */ = {isa = PBXFileReference; lastKnownFileType = wrapper.framework; name = ApplicationServices.framework; path = /System/Library/Frameworks/ApplicationServices.framework; sourceTree = "<absolute>"; };
		E45BE9730E8CC7DD009D7055 /* AudioToolbox.framework */ = {isa = PBXFileReference; lastKnownFileType = wrapper.framework; name = AudioToolbox.framework; path = /System/Library/Frameworks/AudioToolbox.framework; sourceTree = "<absolute>"; };
		E45BE9740E8CC7DD009D7055 /* Carbon.framework */ = {isa = PBXFileReference; lastKnownFileType = wrapper.framework; name = Carbon.framework; path = /System/Library/Frameworks/Carbon.framework; sourceTree = "<absolute>"; };
		E45BE9750E8CC7DD009D7055 /* CoreAudio.framework */ = {isa = PBXFileReference; lastKnownFileType = wrapper.framework; name = CoreAudio.framework; path = /System/Library/Frameworks/CoreAudio.framework; sourceTree = "<absolute>"; };
		E45BE9760E8CC7DD009D7055 /* CoreFoundation.framework */ = {isa = PBXFileReference; lastKnownFileType = wrapper.framework; name = CoreFoundation.framework; path = /System/Library/Frameworks/CoreFoundation.framework; sourceTree = "<absolute>"; };
		E45BE9770E8CC7DD009D7055 /* CoreServices.framework */ = {isa = PBXFileReference; lastKnownFileType = wrapper.framework; name = CoreServices.framework; path = /System/Library/Frameworks/CoreServices.framework; sourceTree = "<absolute>"; };
		E45BE9790E8CC7DD009D7055 /* OpenGL.framework */ = {isa = PBXFileReference; lastKnownFileType = wrapper.framework; name = OpenGL.framework; path = /System/Library/Frameworks/OpenGL.framework; sourceTree = "<absolute>"; };
		E45BE97A0E8CC7DD009D7055 /* QuickTime.framework */ = {isa = PBXFileReference; lastKnownFileType = wrapper.framework; name = QuickTime.framework; path = /System/Library/Frameworks/QuickTime.framework; sourceTree = "<absolute>"; };
		E4B69B5B0A3A1756003C02F2 /* 30PP_MapperDebug.app */ = {isa = PBXFileReference; explicitFileType = wrapper.application; includeInIndex = 0; path = 30PP_MapperDebug.app; sourceTree = BUILT_PRODUCTS_DIR; };
		E4B69E1F0A3A1BDC003C02F2 /* testApp.h */ = {isa = PBXFileReference; fileEncoding = 30; lastKnownFileType = sourcecode.c.h; name = testApp.h; path = src/testApp.h; sourceTree = SOURCE_ROOT; };
		E4B6FCAD0C3E899E008CF71C /* openFrameworks-Info.plist */ = {isa = PBXFileReference; fileEncoding = 30; lastKnownFileType = text.plist.xml; path = "openFrameworks-Info.plist"; sourceTree = "<group>"; };
		E4C2424410CC5A17004149E2 /* AppKit.framework */ = {isa = PBXFileReference; lastKnownFileType = wrapper.framework; name = AppKit.framework; path = /System/Library/Frameworks/AppKit.framework; sourceTree = "<absolute>"; };
		E4C2424510CC5A17004149E2 /* Cocoa.framework */ = {isa = PBXFileReference; lastKnownFileType = wrapper.framework; name = Cocoa.framework; path = /System/Library/Frameworks/Cocoa.framework; sourceTree = "<absolute>"; };
		E4C2424610CC5A17004149E2 /* IOKit.framework */ = {isa = PBXFileReference; lastKnownFileType = wrapper.framework; name = IOKit.framework; path = /System/Library/Frameworks/IOKit.framework; sourceTree = "<absolute>"; };
		E4EB691F138AFCF100A09F29 /* CoreOF.xcconfig */ = {isa = PBXFileReference; fileEncoding = 4; lastKnownFileType = text.xcconfig; name = CoreOF.xcconfig; path = ../../../libs/openFrameworksCompiled/project/osx/CoreOF.xcconfig; sourceTree = SOURCE_ROOT; };
		E4EB6923138AFD0F00A09F29 /* Project.xcconfig */ = {isa = PBXFileReference; fileEncoding = 4; lastKnownFileType = text.xcconfig; path = Project.xcconfig; sourceTree = "<group>"; };
		E7E077E415D3B63C0020DFD4 /* CoreVideo.framework */ = {isa = PBXFileReference; lastKnownFileType = wrapper.framework; name = CoreVideo.framework; path = /System/Library/Frameworks/CoreVideo.framework; sourceTree = "<absolute>"; };
		E7E077E715D3B6510020DFD4 /* QTKit.framework */ = {isa = PBXFileReference; lastKnownFileType = wrapper.framework; name = QTKit.framework; path = /System/Library/Frameworks/QTKit.framework; sourceTree = "<absolute>"; };
		E7F985F515E0DE99003869B5 /* Accelerate.framework */ = {isa = PBXFileReference; lastKnownFileType = wrapper.framework; name = Accelerate.framework; path = /System/Library/Frameworks/Accelerate.framework; sourceTree = "<absolute>"; };
/* End PBXFileReference section */

/* Begin PBXFrameworksBuildPhase section */
		E4B69B590A3A1756003C02F2 /* Frameworks */ = {
			isa = PBXFrameworksBuildPhase;
			buildActionMask = 2147483647;
			files = (
				D339C1B018CFA0BB008E604C /* libssl.a in Frameworks */,
				E2A695EA18CE7318008D8EF1 /* QuartzCore.framework in Frameworks */,
				D339C1A018CFA0BB008E604C /* websockets.lib in Frameworks */,
				D339C19C18CFA0BB008E604C /* libwebsockets.a in Frameworks */,
				D339C1A718CFA0BB008E604C /* websockets_static.lib in Frameworks */,
				E2A695E818CE72EF008D8EF1 /* CoreMedia.framework in Frameworks */,
				D339C1AF18CFA0BB008E604C /* libcrypto.a in Frameworks */,
				E2A695E618CE72E0008D8EF1 /* AVFoundation.framework in Frameworks */,
				D339C1A118CFA0BB008E604C /* websockets_static.lib in Frameworks */,
				E7F985F815E0DEA3003869B5 /* Accelerate.framework in Frameworks */,
				E7E077E815D3B6510020DFD4 /* QTKit.framework in Frameworks */,
				E4EB6799138ADC1D00A09F29 /* GLUT.framework in Frameworks */,
				D339C1A818CFA0BB008E604C /* ZLIB.lib in Frameworks */,
				D339C19E18CFA0BB008E604C /* libwebsockets.a in Frameworks */,
				E4328149138ABC9F0047C5CB /* openFrameworksDebug.a in Frameworks */,
				D339C1B218CFA0BB008E604C /* ssleay32.lib in Frameworks */,
				E45BE97B0E8CC7DD009D7055 /* AGL.framework in Frameworks */,
				E45BE97C0E8CC7DD009D7055 /* ApplicationServices.framework in Frameworks */,
				D339C1A618CFA0BB008E604C /* websockets.lib in Frameworks */,
				E45BE97D0E8CC7DD009D7055 /* AudioToolbox.framework in Frameworks */,
				E45BE97E0E8CC7DD009D7055 /* Carbon.framework in Frameworks */,
				D339C19D18CFA0BB008E604C /* libwebsockets.a in Frameworks */,
				D339C1B118CFA0BB008E604C /* libeay32.lib in Frameworks */,
				D339C1A318CFA0BB008E604C /* ZLIB.lib in Frameworks */,
				E45BE97F0E8CC7DD009D7055 /* CoreAudio.framework in Frameworks */,
				E45BE9800E8CC7DD009D7055 /* CoreFoundation.framework in Frameworks */,
				E2A691DB18CE6567008D8EF1 /* assimp.a in Frameworks */,
				E45BE9810E8CC7DD009D7055 /* CoreServices.framework in Frameworks */,
				E45BE9830E8CC7DD009D7055 /* OpenGL.framework in Frameworks */,
				E45BE9840E8CC7DD009D7055 /* QuickTime.framework in Frameworks */,
				E4C2424710CC5A17004149E2 /* AppKit.framework in Frameworks */,
				E4C2424810CC5A17004149E2 /* Cocoa.framework in Frameworks */,
				E4C2424910CC5A17004149E2 /* IOKit.framework in Frameworks */,
				E7E077E515D3B63C0020DFD4 /* CoreVideo.framework in Frameworks */,
			);
			runOnlyForDeploymentPostprocessing = 0;
		};
/* End PBXFrameworksBuildPhase section */

/* Begin PBXGroup section */
		A9DD349C1844EF7A00A97DC4 /* Resources */ = {
			isa = PBXGroup;
			children = (
			);
			name = Resources;
			sourceTree = "<group>";
		};
		BB4B014C10F69532006C3DED /* addons */ = {
			isa = PBXGroup;
			children = (
				D33E967918E07D5100CBB90F /* ofxCocoa */,
				D339BFC318CFA0BA008E604C /* ofxLibwebsockets */,
				E2A6919E18CE6567008D8EF1 /* ofxAssimpModelLoader */,
			);
			name = addons;
			sourceTree = "<group>";
		};
		BBAB23C913894ECA00AA2426 /* system frameworks */ = {
			isa = PBXGroup;
			children = (
				E7F985F515E0DE99003869B5 /* Accelerate.framework */,
				E4C2424410CC5A17004149E2 /* AppKit.framework */,
				E4C2424510CC5A17004149E2 /* Cocoa.framework */,
				E4C2424610CC5A17004149E2 /* IOKit.framework */,
				E45BE9710E8CC7DD009D7055 /* AGL.framework */,
				E45BE9720E8CC7DD009D7055 /* ApplicationServices.framework */,
				E45BE9730E8CC7DD009D7055 /* AudioToolbox.framework */,
				E45BE9740E8CC7DD009D7055 /* Carbon.framework */,
				E45BE9750E8CC7DD009D7055 /* CoreAudio.framework */,
				E45BE9760E8CC7DD009D7055 /* CoreFoundation.framework */,
				E45BE9770E8CC7DD009D7055 /* CoreServices.framework */,
				E45BE9790E8CC7DD009D7055 /* OpenGL.framework */,
				E45BE97A0E8CC7DD009D7055 /* QuickTime.framework */,
				E7E077E415D3B63C0020DFD4 /* CoreVideo.framework */,
				E7E077E715D3B6510020DFD4 /* QTKit.framework */,
			);
			name = "system frameworks";
			sourceTree = "<group>";
		};
		BBAB23CA13894EDB00AA2426 /* 3rd party frameworks */ = {
			isa = PBXGroup;
			children = (
				BBAB23BE13894E4700AA2426 /* GLUT.framework */,
			);
			name = "3rd party frameworks";
			sourceTree = "<group>";
		};
		D339BFC318CFA0BA008E604C /* ofxLibwebsockets */ = {
			isa = PBXGroup;
			children = (
				D339BFC418CFA0BA008E604C /* .gitignore */,
				D339BFC518CFA0BA008E604C /* addon_config.mk */,
				D339C08B18CFA0BB008E604C /* libs */,
				D339C11418CFA0BB008E604C /* ofxaddons_thumbnail.png */,
				D339C11518CFA0BB008E604C /* ofxLibwebsockets.xcconfig */,
				D339C11618CFA0BB008E604C /* README.md */,
				D339C11718CFA0BB008E604C /* src */,
			);
			path = ofxLibwebsockets;
			sourceTree = "<group>";
		};
		D339C08B18CFA0BB008E604C /* libs */ = {
			isa = PBXGroup;
			children = (
				D339C08C18CFA0BB008E604C /* jsoncpp */,
				D339C09118CFA0BB008E604C /* libwebsockets */,
				D339C0BA18CFA0BB008E604C /* ofxLibwebsockets */,
				D339C0CB18CFA0BB008E604C /* openssl */,
			);
			path = libs;
			sourceTree = "<group>";
		};
		D339C08C18CFA0BB008E604C /* jsoncpp */ = {
			isa = PBXGroup;
			children = (
				D339C08D18CFA0BB008E604C /* json */,
				D339C09018CFA0BB008E604C /* jsoncpp.cpp */,
			);
			path = jsoncpp;
			sourceTree = "<group>";
		};
		D339C08D18CFA0BB008E604C /* json */ = {
			isa = PBXGroup;
			children = (
				D339C08E18CFA0BB008E604C /* json-forwards.h */,
				D339C08F18CFA0BB008E604C /* json.h */,
			);
			path = json;
			sourceTree = "<group>";
		};
		D339C09118CFA0BB008E604C /* libwebsockets */ = {
			isa = PBXGroup;
			children = (
				D339C09218CFA0BB008E604C /* COPYING */,
				D339C09318CFA0BB008E604C /* data */,
				D339C09618CFA0BB008E604C /* include */,
				D339C0A618CFA0BB008E604C /* lib */,
			);
			path = libwebsockets;
			sourceTree = "<group>";
		};
		D339C09318CFA0BB008E604C /* data */ = {
			isa = PBXGroup;
			children = (
				D339C09418CFA0BB008E604C /* libwebsockets-test-server.key.pem */,
				D339C09518CFA0BB008E604C /* libwebsockets-test-server.pem */,
			);
			path = data;
			sourceTree = "<group>";
		};
		D339C09618CFA0BB008E604C /* include */ = {
			isa = PBXGroup;
			children = (
				D339C09718CFA0BB008E604C /* libwebsockets.h */,
			);
			path = include;
			sourceTree = "<group>";
		};
		D339C0A618CFA0BB008E604C /* lib */ = {
			isa = PBXGroup;
			children = (
				D339C0A718CFA0BB008E604C /* linux64 */,
				D339C0A918CFA0BB008E604C /* linuxarmv6l */,
				D339C0AB18CFA0BB008E604C /* osx */,
				D339C0AD18CFA0BB008E604C /* win32 */,
			);
			path = lib;
			sourceTree = "<group>";
		};
		D339C0A718CFA0BB008E604C /* linux64 */ = {
			isa = PBXGroup;
			children = (
				D339C0A818CFA0BB008E604C /* libwebsockets.a */,
			);
			path = linux64;
			sourceTree = "<group>";
		};
		D339C0A918CFA0BB008E604C /* linuxarmv6l */ = {
			isa = PBXGroup;
			children = (
				D339C0AA18CFA0BB008E604C /* libwebsockets.a */,
			);
			path = linuxarmv6l;
			sourceTree = "<group>";
		};
		D339C0AB18CFA0BB008E604C /* osx */ = {
			isa = PBXGroup;
			children = (
				D339C0AC18CFA0BB008E604C /* libwebsockets.a */,
			);
			path = osx;
			sourceTree = "<group>";
		};
		D339C0AD18CFA0BB008E604C /* win32 */ = {
			isa = PBXGroup;
			children = (
				D339C0AE18CFA0BB008E604C /* Debug */,
				D339C0B518CFA0BB008E604C /* Release */,
			);
			path = win32;
			sourceTree = "<group>";
		};
		D339C0AE18CFA0BB008E604C /* Debug */ = {
			isa = PBXGroup;
			children = (
				D339C0AF18CFA0BB008E604C /* websockets.exp */,
				D339C0B018CFA0BB008E604C /* websockets.lib */,
				D339C0B118CFA0BB008E604C /* websockets_static.lib */,
				D339C0B218CFA0BB008E604C /* websockets_static.pdb */,
				D339C0B318CFA0BB008E604C /* ZLIB.lib */,
				D339C0B418CFA0BB008E604C /* zlib.pdb */,
			);
			path = Debug;
			sourceTree = "<group>";
		};
		D339C0B518CFA0BB008E604C /* Release */ = {
			isa = PBXGroup;
			children = (
				D339C0B618CFA0BB008E604C /* websockets.exp */,
				D339C0B718CFA0BB008E604C /* websockets.lib */,
				D339C0B818CFA0BB008E604C /* websockets_static.lib */,
				D339C0B918CFA0BB008E604C /* ZLIB.lib */,
			);
			path = Release;
			sourceTree = "<group>";
		};
		D339C0BA18CFA0BB008E604C /* ofxLibwebsockets */ = {
			isa = PBXGroup;
			children = (
				D339C0BB18CFA0BB008E604C /* include */,
				D339C0C418CFA0BB008E604C /* src */,
			);
			path = ofxLibwebsockets;
			sourceTree = "<group>";
		};
		D339C0BB18CFA0BB008E604C /* include */ = {
			isa = PBXGroup;
			children = (
				D339C0BC18CFA0BB008E604C /* ofxLibwebsockets */,
			);
			path = include;
			sourceTree = "<group>";
		};
		D339C0BC18CFA0BB008E604C /* ofxLibwebsockets */ = {
			isa = PBXGroup;
			children = (
				D339C0BD18CFA0BB008E604C /* Client.h */,
				D339C0BE18CFA0BB008E604C /* Connection.h */,
				D339C0BF18CFA0BB008E604C /* Events.h */,
				D339C0C018CFA0BB008E604C /* Protocol.h */,
				D339C0C118CFA0BB008E604C /* Reactor.h */,
				D339C0C218CFA0BB008E604C /* Server.h */,
				D339C0C318CFA0BB008E604C /* Util.h */,
			);
			path = ofxLibwebsockets;
			sourceTree = "<group>";
		};
		D339C0C418CFA0BB008E604C /* src */ = {
			isa = PBXGroup;
			children = (
				D339C0C518CFA0BB008E604C /* Client.cpp */,
				D339C0C618CFA0BB008E604C /* Connection.cpp */,
				D339C0C718CFA0BB008E604C /* Events.cpp */,
				D339C0C818CFA0BB008E604C /* Protocol.cpp */,
				D339C0C918CFA0BB008E604C /* Reactor.cpp */,
				D339C0CA18CFA0BB008E604C /* Server.cpp */,
			);
			path = src;
			sourceTree = "<group>";
		};
		D339C0CB18CFA0BB008E604C /* openssl */ = {
			isa = PBXGroup;
			children = (
				D339C0CC18CFA0BB008E604C /* lib */,
				D339C0D318CFA0BB008E604C /* openssl */,
			);
			path = openssl;
			sourceTree = "<group>";
		};
		D339C0CC18CFA0BB008E604C /* lib */ = {
			isa = PBXGroup;
			children = (
				D339C0CD18CFA0BB008E604C /* osx */,
				D339C0D018CFA0BB008E604C /* win32 */,
			);
			path = lib;
			sourceTree = "<group>";
		};
		D339C0CD18CFA0BB008E604C /* osx */ = {
			isa = PBXGroup;
			children = (
				D339C0CE18CFA0BB008E604C /* libcrypto.a */,
				D339C0CF18CFA0BB008E604C /* libssl.a */,
			);
			path = osx;
			sourceTree = "<group>";
		};
		D339C0D018CFA0BB008E604C /* win32 */ = {
			isa = PBXGroup;
			children = (
				D339C0D118CFA0BB008E604C /* libeay32.lib */,
				D339C0D218CFA0BB008E604C /* ssleay32.lib */,
			);
			path = win32;
			sourceTree = "<group>";
		};
		D339C0D318CFA0BB008E604C /* openssl */ = {
			isa = PBXGroup;
			children = (
				D339C0D418CFA0BB008E604C /* aes.h */,
				D339C0D518CFA0BB008E604C /* asn1.h */,
				D339C0D618CFA0BB008E604C /* asn1_mac.h */,
				D339C0D718CFA0BB008E604C /* asn1t.h */,
				D339C0D818CFA0BB008E604C /* bio.h */,
				D339C0D918CFA0BB008E604C /* blowfish.h */,
				D339C0DA18CFA0BB008E604C /* bn.h */,
				D339C0DB18CFA0BB008E604C /* buffer.h */,
				D339C0DC18CFA0BB008E604C /* cast.h */,
				D339C0DD18CFA0BB008E604C /* comp.h */,
				D339C0DE18CFA0BB008E604C /* conf.h */,
				D339C0DF18CFA0BB008E604C /* conf_api.h */,
				D339C0E018CFA0BB008E604C /* crypto.h */,
				D339C0E118CFA0BB008E604C /* des.h */,
				D339C0E218CFA0BB008E604C /* des_old.h */,
				D339C0E318CFA0BB008E604C /* dh.h */,
				D339C0E418CFA0BB008E604C /* dsa.h */,
				D339C0E518CFA0BB008E604C /* dso.h */,
				D339C0E618CFA0BB008E604C /* e_os2.h */,
				D339C0E718CFA0BB008E604C /* ebcdic.h */,
				D339C0E818CFA0BB008E604C /* ec.h */,
				D339C0E918CFA0BB008E604C /* engine.h */,
				D339C0EA18CFA0BB008E604C /* err.h */,
				D339C0EB18CFA0BB008E604C /* evp.h */,
				D339C0EC18CFA0BB008E604C /* hmac.h */,
				D339C0ED18CFA0BB008E604C /* krb5_asn.h */,
				D339C0EE18CFA0BB008E604C /* kssl.h */,
				D339C0EF18CFA0BB008E604C /* lhash.h */,
				D339C0F018CFA0BB008E604C /* md2.h */,
				D339C0F118CFA0BB008E604C /* md4.h */,
				D339C0F218CFA0BB008E604C /* md5.h */,
				D339C0F318CFA0BB008E604C /* mdc2.h */,
				D339C0F418CFA0BB008E604C /* obj_mac.h */,
				D339C0F518CFA0BB008E604C /* objects.h */,
				D339C0F618CFA0BB008E604C /* ocsp.h */,
				D339C0F718CFA0BB008E604C /* opensslconf.h */,
				D339C0F818CFA0BB008E604C /* opensslv.h */,
				D339C0F918CFA0BB008E604C /* ossl_typ.h */,
				D339C0FA18CFA0BB008E604C /* pem.h */,
				D339C0FB18CFA0BB008E604C /* pem2.h */,
				D339C0FC18CFA0BB008E604C /* pkcs12.h */,
				D339C0FD18CFA0BB008E604C /* pkcs7.h */,
				D339C0FE18CFA0BB008E604C /* rand.h */,
				D339C0FF18CFA0BB008E604C /* rc2.h */,
				D339C10018CFA0BB008E604C /* rc4.h */,
				D339C10118CFA0BB008E604C /* rc5.h */,
				D339C10218CFA0BB008E604C /* ripemd.h */,
				D339C10318CFA0BB008E604C /* rsa.h */,
				D339C10418CFA0BB008E604C /* safestack.h */,
				D339C10518CFA0BB008E604C /* sha.h */,
				D339C10618CFA0BB008E604C /* ssl.h */,
				D339C10718CFA0BB008E604C /* ssl2.h */,
				D339C10818CFA0BB008E604C /* ssl23.h */,
				D339C10918CFA0BB008E604C /* ssl3.h */,
				D339C10A18CFA0BB008E604C /* stack.h */,
				D339C10B18CFA0BB008E604C /* symhacks.h */,
				D339C10C18CFA0BB008E604C /* tls1.h */,
				D339C10D18CFA0BB008E604C /* tmdiff.h */,
				D339C10E18CFA0BB008E604C /* txt_db.h */,
				D339C10F18CFA0BB008E604C /* ui.h */,
				D339C11018CFA0BB008E604C /* ui_compat.h */,
				D339C11118CFA0BB008E604C /* x509.h */,
				D339C11218CFA0BB008E604C /* x509_vfy.h */,
				D339C11318CFA0BB008E604C /* x509v3.h */,
			);
			path = openssl;
			sourceTree = "<group>";
		};
		D339C11718CFA0BB008E604C /* src */ = {
			isa = PBXGroup;
			children = (
				D339C11818CFA0BB008E604C /* ofxLibwebsockets.h */,
			);
			path = src;
			sourceTree = "<group>";
		};
		D33E967918E07D5100CBB90F /* ofxCocoa */ = {
			isa = PBXGroup;
			children = (
				D33E967A18E07D5100CBB90F /* .gitignore */,
				D33E96A018E07D5100CBB90F /* nibs */,
				D33E96A418E07D5100CBB90F /* README.md */,
				D33E96A518E07D5100CBB90F /* src */,
			);
			path = ofxCocoa;
			sourceTree = "<group>";
		};
		D33E96A018E07D5100CBB90F /* nibs */ = {
			isa = PBXGroup;
			children = (
				D33E96A118E07D5100CBB90F /* NoWindow.xib */,
				D33E96A218E07D5100CBB90F /* README.txt */,
				D33E96A318E07D5100CBB90F /* WithWindow.xib */,
			);
			path = nibs;
			sourceTree = "<group>";
		};
		D33E96A518E07D5100CBB90F /* src */ = {
			isa = PBXGroup;
			children = (
				D33E96A618E07D5100CBB90F /* AppDelegate.h */,
				D33E96A718E07D5100CBB90F /* AppDelegate.mm */,
				D33E96A818E07D5100CBB90F /* AppWindow.h */,
				D33E96A918E07D5100CBB90F /* AppWindow.mm */,
				D33E96AA18E07D5100CBB90F /* CocoaInitSettings.h */,
				D33E96AB18E07D5100CBB90F /* Events.h */,
				D33E96AC18E07D5100CBB90F /* Events.mm */,
				D33E96AD18E07D5100CBB90F /* GLView.h */,
				D33E96AE18E07D5100CBB90F /* GLView.mm */,
				D33E96AF18E07D5100CBB90F /* GLWindow.h */,
				D33E96B018E07D5100CBB90F /* GLWindow.mm */,
				D33E96B118E07D5100CBB90F /* ofxCocoa.h */,
				D33E96B218E07D5100CBB90F /* ofxCocoa.mm */,
			);
			path = src;
			sourceTree = "<group>";
		};
		E2A6919718CE6328008D8EF1 /* ModelMapper */ = {
			isa = PBXGroup;
			children = (
				E2A6919818CE6328008D8EF1 /* Camera.cpp */,
				E2A6919918CE6328008D8EF1 /* Camera.h */,
				E2A6919A18CE6328008D8EF1 /* ModelMapper.cpp */,
				E2A6919B18CE6328008D8EF1 /* ModelMapper.h */,
			);
			path = ModelMapper;
			sourceTree = "<group>";
		};
		E2A6919E18CE6567008D8EF1 /* ofxAssimpModelLoader */ = {
			isa = PBXGroup;
			children = (
				E2A6919F18CE6567008D8EF1 /* addon_config.mk */,
				E2A691A018CE6567008D8EF1 /* libs */,
				E2A691CB18CE6567008D8EF1 /* src */,
			);
			name = ofxAssimpModelLoader;
			path = ../../../addons/ofxAssimpModelLoader;
			sourceTree = "<group>";
		};
		E2A691A018CE6567008D8EF1 /* libs */ = {
			isa = PBXGroup;
			children = (
				E2A691A118CE6567008D8EF1 /* assimp */,
			);
			path = libs;
			sourceTree = "<group>";
		};
		E2A691A118CE6567008D8EF1 /* assimp */ = {
			isa = PBXGroup;
			children = (
				E2A691A218CE6567008D8EF1 /* include */,
				E2A691C818CE6567008D8EF1 /* lib */,
			);
			path = assimp;
			sourceTree = "<group>";
		};
		E2A691A218CE6567008D8EF1 /* include */ = {
			isa = PBXGroup;
			children = (
				E2A691A318CE6567008D8EF1 /* aiAnim.h */,
				E2A691A418CE6567008D8EF1 /* aiAssert.h */,
				E2A691A518CE6567008D8EF1 /* aiCamera.h */,
				E2A691A618CE6567008D8EF1 /* aiColor4D.h */,
				E2A691A718CE6567008D8EF1 /* aiColor4D.inl */,
				E2A691A818CE6567008D8EF1 /* aiConfig.h */,
				E2A691A918CE6567008D8EF1 /* aiDefines.h */,
				E2A691AA18CE6567008D8EF1 /* aiFileIO.h */,
				E2A691AB18CE6567008D8EF1 /* aiLight.h */,
				E2A691AC18CE6567008D8EF1 /* aiMaterial.h */,
				E2A691AD18CE6567008D8EF1 /* aiMaterial.inl */,
				E2A691AE18CE6567008D8EF1 /* aiMatrix3x3.h */,
				E2A691AF18CE6567008D8EF1 /* aiMatrix3x3.inl */,
				E2A691B018CE6567008D8EF1 /* aiMatrix4x4.h */,
				E2A691B118CE6567008D8EF1 /* aiMatrix4x4.inl */,
				E2A691B218CE6567008D8EF1 /* aiMesh.h */,
				E2A691B318CE6567008D8EF1 /* aiPostProcess.h */,
				E2A691B418CE6567008D8EF1 /* aiQuaternion.h */,
				E2A691B518CE6567008D8EF1 /* aiScene.h */,
				E2A691B618CE6567008D8EF1 /* aiTexture.h */,
				E2A691B718CE6567008D8EF1 /* aiTypes.h */,
				E2A691B818CE6567008D8EF1 /* aiVector2D.h */,
				E2A691B918CE6567008D8EF1 /* aiVector3D.h */,
				E2A691BA18CE6567008D8EF1 /* aiVector3D.inl */,
				E2A691BB18CE6567008D8EF1 /* aiVersion.h */,
				E2A691BC18CE6567008D8EF1 /* assimp.h */,
				E2A691BD18CE6567008D8EF1 /* assimp.hpp */,
				E2A691BE18CE6567008D8EF1 /* Compiler */,
				E2A691C118CE6567008D8EF1 /* DefaultLogger.h */,
				E2A691C218CE6567008D8EF1 /* IOStream.h */,
				E2A691C318CE6567008D8EF1 /* IOSystem.h */,
				E2A691C418CE6567008D8EF1 /* Logger.h */,
				E2A691C518CE6567008D8EF1 /* LogStream.h */,
				E2A691C618CE6567008D8EF1 /* NullLogger.h */,
				E2A691C718CE6567008D8EF1 /* ProgressHandler.h */,
			);
			path = include;
			sourceTree = "<group>";
		};
		E2A691BE18CE6567008D8EF1 /* Compiler */ = {
			isa = PBXGroup;
			children = (
				E2A691BF18CE6567008D8EF1 /* poppack1.h */,
				E2A691C018CE6567008D8EF1 /* pushpack1.h */,
			);
			path = Compiler;
			sourceTree = "<group>";
		};
		E2A691C818CE6567008D8EF1 /* lib */ = {
			isa = PBXGroup;
			children = (
				E2A691C918CE6567008D8EF1 /* osx */,
			);
			path = lib;
			sourceTree = "<group>";
		};
		E2A691C918CE6567008D8EF1 /* osx */ = {
			isa = PBXGroup;
			children = (
				E2A691CA18CE6567008D8EF1 /* assimp.a */,
			);
			path = osx;
			sourceTree = "<group>";
		};
		E2A691CB18CE6567008D8EF1 /* src */ = {
			isa = PBXGroup;
			children = (
				E2A691CC18CE6567008D8EF1 /* ofxAssimpAnimation.cpp */,
				E2A691CD18CE6567008D8EF1 /* ofxAssimpAnimation.h */,
				E2A691CE18CE6567008D8EF1 /* ofxAssimpMeshHelper.cpp */,
				E2A691CF18CE6567008D8EF1 /* ofxAssimpMeshHelper.h */,
				E2A691D018CE6567008D8EF1 /* ofxAssimpModelLoader.cpp */,
				E2A691D118CE6567008D8EF1 /* ofxAssimpModelLoader.h */,
				E2A691D218CE6567008D8EF1 /* ofxAssimpTexture.cpp */,
				E2A691D318CE6567008D8EF1 /* ofxAssimpTexture.h */,
				E2A691D418CE6567008D8EF1 /* ofxAssimpUtils.h */,
			);
			path = src;
			sourceTree = "<group>";
		};
		E2A6964C18CE7C9B008D8EF1 /* data */ = {
			isa = PBXGroup;
			children = (
				D3CB1D5118DA21B60058D084 /* Big_optimized.obj */,
				D3A3099118D8EAD7006C13BC /* Shape Test_01.obj */,
				E2A6965118CE7C9B008D8EF1 /* mesh */,
				E2A6965318CE7C9B008D8EF1 /* settings.json */,
			);
			name = data;
			path = bin/data;
			sourceTree = "<group>";
		};
		E2A6965118CE7C9B008D8EF1 /* mesh */ = {
			isa = PBXGroup;
			children = (
				E2A6965218CE7C9B008D8EF1 /* mesh.obj */,
			);
			path = mesh;
			sourceTree = "<group>";
		};
		E4328144138ABC890047C5CB /* Products */ = {
			isa = PBXGroup;
			children = (
				E4328148138ABC890047C5CB /* openFrameworksDebug.a */,
			);
			name = Products;
			sourceTree = "<group>";
		};
		E45BE5980E8CC70C009D7055 /* frameworks */ = {
			isa = PBXGroup;
			children = (
				BBAB23CA13894EDB00AA2426 /* 3rd party frameworks */,
				BBAB23C913894ECA00AA2426 /* system frameworks */,
			);
			name = frameworks;
			sourceTree = "<group>";
		};
		E4B69B4A0A3A1720003C02F2 = {
			isa = PBXGroup;
			children = (
				D371D53D18E9B9F70085D1B5 /* iconbuilder.icns */,
				E2A695E918CE7318008D8EF1 /* QuartzCore.framework */,
				E2A695E718CE72EF008D8EF1 /* CoreMedia.framework */,
				E2A695E518CE72E0008D8EF1 /* AVFoundation.framework */,
				A9DD349C1844EF7A00A97DC4 /* Resources */,
				E4B6FCAD0C3E899E008CF71C /* openFrameworks-Info.plist */,
				E4EB6923138AFD0F00A09F29 /* Project.xcconfig */,
				E4B69E1C0A3A1BDC003C02F2 /* src */,
				E4EEC9E9138DF44700A80321 /* openFrameworks */,
				BB4B014C10F69532006C3DED /* addons */,
				E45BE5980E8CC70C009D7055 /* frameworks */,
				E2A6964C18CE7C9B008D8EF1 /* data */,
				E4B69B5B0A3A1756003C02F2 /* 30PP_MapperDebug.app */,
			);
			sourceTree = "<group>";
		};
		E4B69E1C0A3A1BDC003C02F2 /* src */ = {
			isa = PBXGroup;
			children = (
				A9DD34871844EC8600A97DC4 /* main.mm */,
				A9DD34881844EC8600A97DC4 /* testApp.mm */,
				E4B69E1F0A3A1BDC003C02F2 /* testApp.h */,
				C645F5078849E368239AADA3 /* MyUIDelegate.h */,
				C1C61C80A74C50ECFCC43958 /* MyUIDelegate.mm */,
				E2A6919718CE6328008D8EF1 /* ModelMapper */,
			);
			path = src;
			sourceTree = SOURCE_ROOT;
		};
		E4EEC9E9138DF44700A80321 /* openFrameworks */ = {
			isa = PBXGroup;
			children = (
				E4EB691F138AFCF100A09F29 /* CoreOF.xcconfig */,
				E4328143138ABC890047C5CB /* openFrameworksLib.xcodeproj */,
			);
			name = openFrameworks;
			sourceTree = "<group>";
		};
/* End PBXGroup section */

/* Begin PBXNativeTarget section */
		E4B69B5A0A3A1756003C02F2 /* 30PP_Mapper */ = {
			isa = PBXNativeTarget;
			buildConfigurationList = E4B69B5F0A3A1757003C02F2 /* Build configuration list for PBXNativeTarget "30PP_Mapper" */;
			buildPhases = (
				E4B69B580A3A1756003C02F2 /* Sources */,
				E4B69B590A3A1756003C02F2 /* Frameworks */,
				E4B6FFFD0C3F9AB9008CF71C /* ShellScript */,
				E4C2427710CC5ABF004149E2 /* CopyFiles */,
				A9DD349E1844F15700A97DC4 /* Resources */,
			);
			buildRules = (
			);
			dependencies = (
				E4EEB9AC138B136A00A80321 /* PBXTargetDependency */,
			);
			name = 30PP_Mapper;
			productName = myOFApp;
			productReference = E4B69B5B0A3A1756003C02F2 /* 30PP_MapperDebug.app */;
			productType = "com.apple.product-type.application";
		};
/* End PBXNativeTarget section */

/* Begin PBXProject section */
		E4B69B4C0A3A1720003C02F2 /* Project object */ = {
			isa = PBXProject;
			attributes = {
				LastUpgradeCheck = 0460;
			};
			buildConfigurationList = E4B69B4D0A3A1720003C02F2 /* Build configuration list for PBXProject "30PP_Mapper" */;
			compatibilityVersion = "Xcode 3.2";
			developmentRegion = English;
			hasScannedForEncodings = 0;
			knownRegions = (
				English,
				Japanese,
				French,
				German,
			);
			mainGroup = E4B69B4A0A3A1720003C02F2;
			productRefGroup = E4B69B4A0A3A1720003C02F2;
			projectDirPath = "";
			projectReferences = (
				{
					ProductGroup = E4328144138ABC890047C5CB /* Products */;
					ProjectRef = E4328143138ABC890047C5CB /* openFrameworksLib.xcodeproj */;
				},
			);
			projectRoot = "";
			targets = (
				E4B69B5A0A3A1756003C02F2 /* 30PP_Mapper */,
			);
		};
/* End PBXProject section */

/* Begin PBXReferenceProxy section */
		E4328148138ABC890047C5CB /* openFrameworksDebug.a */ = {
			isa = PBXReferenceProxy;
			fileType = archive.ar;
			path = openFrameworksDebug.a;
			remoteRef = E4328147138ABC890047C5CB /* PBXContainerItemProxy */;
			sourceTree = BUILT_PRODUCTS_DIR;
		};
/* End PBXReferenceProxy section */

/* Begin PBXResourcesBuildPhase section */
		A9DD349E1844F15700A97DC4 /* Resources */ = {
			isa = PBXResourcesBuildPhase;
			buildActionMask = 2147483647;
			files = (
				E2A691D718CE6567008D8EF1 /* aiMaterial.inl in Resources */,
				D339C19618CFA0BB008E604C /* libwebsockets-test-server.key.pem in Resources */,
				E2A691DA18CE6567008D8EF1 /* aiVector3D.inl in Resources */,
				D339C1B518CFA0BB008E604C /* README.md in Resources */,
				D33E96C918E07D5100CBB90F /* WithWindow.xib in Resources */,
				D33E96B318E07D5100CBB90F /* .gitignore in Resources */,
				E2A691D518CE6567008D8EF1 /* addon_config.mk in Resources */,
				D33E96C818E07D5100CBB90F /* README.txt in Resources */,
				D339C19518CFA0BB008E604C /* COPYING in Resources */,
				D339C1A218CFA0BB008E604C /* websockets_static.pdb in Resources */,
				E2A691D618CE6567008D8EF1 /* aiColor4D.inl in Resources */,
				D339C1B318CFA0BB008E604C /* ofxaddons_thumbnail.png in Resources */,
				D33E96C718E07D5100CBB90F /* NoWindow.xib in Resources */,
				D339C1B418CFA0BB008E604C /* ofxLibwebsockets.xcconfig in Resources */,
				D371D53E18E9B9F70085D1B5 /* iconbuilder.icns in Resources */,
				D3CB1D5218DA21B60058D084 /* Big_optimized.obj in Resources */,
				D339C11A18CFA0BB008E604C /* addon_config.mk in Resources */,
				E2A6965918CE7C9B008D8EF1 /* settings.json in Resources */,
				E2A691D818CE6567008D8EF1 /* aiMatrix3x3.inl in Resources */,
				D339C1A418CFA0BB008E604C /* zlib.pdb in Resources */,
				D3A3099218D8EAD7006C13BC /* Shape Test_01.obj in Resources */,
				E2A6965818CE7C9B008D8EF1 /* mesh.obj in Resources */,
				D339C19718CFA0BB008E604C /* libwebsockets-test-server.pem in Resources */,
				D33E96CA18E07D5100CBB90F /* README.md in Resources */,
				D339C11918CFA0BB008E604C /* .gitignore in Resources */,
				E2A691D918CE6567008D8EF1 /* aiMatrix4x4.inl in Resources */,
			);
			runOnlyForDeploymentPostprocessing = 0;
		};
/* End PBXResourcesBuildPhase section */

/* Begin PBXShellScriptBuildPhase section */
		E4B6FFFD0C3F9AB9008CF71C /* ShellScript */ = {
			isa = PBXShellScriptBuildPhase;
			buildActionMask = 2147483647;
			files = (
			);
			inputPaths = (
			);
			outputPaths = (
			);
			runOnlyForDeploymentPostprocessing = 0;
			shellPath = /bin/sh;
			shellScript = "cp -f ../../../libs/fmodex/lib/osx/libfmodex.dylib \"$TARGET_BUILD_DIR/$PRODUCT_NAME.app/Contents/MacOS/libfmodex.dylib\"; install_name_tool -change ./libfmodex.dylib @executable_path/libfmodex.dylib \"$TARGET_BUILD_DIR/$PRODUCT_NAME.app/Contents/MacOS/$PRODUCT_NAME\";\nmkdir -p \"$TARGET_BUILD_DIR/$PRODUCT_NAME.app/Contents/Resources/\"\ncp -f \"$ICON_FILE\" \"$TARGET_BUILD_DIR/$PRODUCT_NAME.app/Contents/Resources/\"\n";
		};
/* End PBXShellScriptBuildPhase section */

/* Begin PBXSourcesBuildPhase section */
		E4B69B580A3A1756003C02F2 /* Sources */ = {
			isa = PBXSourcesBuildPhase;
			buildActionMask = 2147483647;
			files = (
				E2A691DD18CE6567008D8EF1 /* ofxAssimpMeshHelper.cpp in Sources */,
				D33E96D018E07D5100CBB90F /* ofxCocoa.mm in Sources */,
				D339C1A518CFA0BB008E604C /* websockets.exp in Sources */,
				D33E96CF18E07D5100CBB90F /* GLWindow.mm in Sources */,
				D339C1A918CFA0BB008E604C /* Client.cpp in Sources */,
				D339C1AB18CFA0BB008E604C /* Events.cpp in Sources */,
				D33E96CB18E07D5100CBB90F /* AppDelegate.mm in Sources */,
				D33E96CC18E07D5100CBB90F /* AppWindow.mm in Sources */,
				D339C19418CFA0BB008E604C /* jsoncpp.cpp in Sources */,
				590FEF0D293D8C60BEE0C470 /* MyUIDelegate.mm in Sources */,
				D339C19F18CFA0BB008E604C /* websockets.exp in Sources */,
				E2A691DC18CE6567008D8EF1 /* ofxAssimpAnimation.cpp in Sources */,
				E2A6919C18CE6328008D8EF1 /* Camera.cpp in Sources */,
				D33E96CE18E07D5100CBB90F /* GLView.mm in Sources */,
				D339C1AA18CFA0BB008E604C /* Connection.cpp in Sources */,
				D339C1AD18CFA0BB008E604C /* Reactor.cpp in Sources */,
				E2A691DE18CE6567008D8EF1 /* ofxAssimpModelLoader.cpp in Sources */,
				E2A6919D18CE6328008D8EF1 /* ModelMapper.cpp in Sources */,
				A9DD34891844EC8600A97DC4 /* main.mm in Sources */,
				A9DD348A1844EC8600A97DC4 /* testApp.mm in Sources */,
				E2A691DF18CE6567008D8EF1 /* ofxAssimpTexture.cpp in Sources */,
				D339C1AC18CFA0BB008E604C /* Protocol.cpp in Sources */,
				D33E96CD18E07D5100CBB90F /* Events.mm in Sources */,
				D339C1AE18CFA0BB008E604C /* Server.cpp in Sources */,
			);
			runOnlyForDeploymentPostprocessing = 0;
		};
/* End PBXSourcesBuildPhase section */

/* Begin PBXTargetDependency section */
		E4EEB9AC138B136A00A80321 /* PBXTargetDependency */ = {
			isa = PBXTargetDependency;
			name = openFrameworks;
			targetProxy = E4EEB9AB138B136A00A80321 /* PBXContainerItemProxy */;
		};
/* End PBXTargetDependency section */

/* Begin XCBuildConfiguration section */
		E4B69B4E0A3A1720003C02F2 /* Debug */ = {
			isa = XCBuildConfiguration;
			baseConfigurationReference = E4EB6923138AFD0F00A09F29 /* Project.xcconfig */;
			buildSettings = {
				ARCHS = "$(NATIVE_ARCH)";
				CONFIGURATION_BUILD_DIR = "$(SRCROOT)/bin/";
				COPY_PHASE_STRIP = NO;
				DEAD_CODE_STRIPPING = YES;
				GCC_AUTO_VECTORIZATION = YES;
				GCC_ENABLE_SSE3_EXTENSIONS = YES;
				GCC_ENABLE_SUPPLEMENTAL_SSE3_INSTRUCTIONS = YES;
				GCC_INLINES_ARE_PRIVATE_EXTERN = NO;
				GCC_OPTIMIZATION_LEVEL = 0;
				GCC_SYMBOLS_PRIVATE_EXTERN = NO;
				GCC_WARN_ABOUT_DEPRECATED_FUNCTIONS = YES;
				GCC_WARN_ABOUT_INVALID_OFFSETOF_MACRO = NO;
				GCC_WARN_ALLOW_INCOMPLETE_PROTOCOL = NO;
				GCC_WARN_UNINITIALIZED_AUTOS = NO;
				GCC_WARN_UNUSED_VALUE = NO;
				GCC_WARN_UNUSED_VARIABLE = NO;
				HEADER_SEARCH_PATHS = (
					"$(OF_CORE_HEADERS)",
					src,
					../../../addons/ofxCocoa/libs,
					../../../addons/ofxCocoa/src,
				);
				MACOSX_DEPLOYMENT_TARGET = 10.9;
				OTHER_CPLUSPLUSFLAGS = (
					"-D__MACOSX_CORE__",
					"-lpthread",
					"-mtune=native",
				);
				SDKROOT = macosx10.9;
			};
			name = Debug;
		};
		E4B69B4F0A3A1720003C02F2 /* Release */ = {
			isa = XCBuildConfiguration;
			baseConfigurationReference = E4EB6923138AFD0F00A09F29 /* Project.xcconfig */;
			buildSettings = {
				ARCHS = "$(NATIVE_ARCH)";
				CONFIGURATION_BUILD_DIR = "$(SRCROOT)/bin/";
				COPY_PHASE_STRIP = YES;
				DEAD_CODE_STRIPPING = YES;
				GCC_AUTO_VECTORIZATION = YES;
				GCC_ENABLE_SSE3_EXTENSIONS = YES;
				GCC_ENABLE_SUPPLEMENTAL_SSE3_INSTRUCTIONS = YES;
				GCC_INLINES_ARE_PRIVATE_EXTERN = NO;
				GCC_OPTIMIZATION_LEVEL = 3;
				GCC_SYMBOLS_PRIVATE_EXTERN = NO;
				GCC_UNROLL_LOOPS = YES;
				GCC_WARN_ABOUT_DEPRECATED_FUNCTIONS = YES;
				GCC_WARN_ABOUT_INVALID_OFFSETOF_MACRO = NO;
				GCC_WARN_ALLOW_INCOMPLETE_PROTOCOL = NO;
				GCC_WARN_UNINITIALIZED_AUTOS = NO;
				GCC_WARN_UNUSED_VALUE = NO;
				GCC_WARN_UNUSED_VARIABLE = NO;
				HEADER_SEARCH_PATHS = (
					"$(OF_CORE_HEADERS)",
					src,
					../../../addons/ofxCocoa/libs,
					../../../addons/ofxCocoa/src,
				);
				MACOSX_DEPLOYMENT_TARGET = 10.9;
				OTHER_CPLUSPLUSFLAGS = (
					"-D__MACOSX_CORE__",
					"-lpthread",
					"-mtune=native",
				);
				SDKROOT = macosx10.9;
			};
			name = Release;
		};
		E4B69B600A3A1757003C02F2 /* Debug */ = {
			isa = XCBuildConfiguration;
			buildSettings = {
				CLANG_CXX_LIBRARY = "libstdc++";
				COMBINE_HIDPI_IMAGES = YES;
				COPY_PHASE_STRIP = NO;
				FRAMEWORK_SEARCH_PATHS = (
					"$(inherited)",
					"$(FRAMEWORK_SEARCH_PATHS_QUOTED_FOR_TARGET_1)",
				);
				FRAMEWORK_SEARCH_PATHS_QUOTED_FOR_TARGET_1 = "\"$(SRCROOT)/../../../libs/glut/lib/osx\"";
				GCC_DYNAMIC_NO_PIC = NO;
				GCC_GENERATE_DEBUGGING_SYMBOLS = YES;
				GCC_MODEL_TUNING = NONE;
				HEADER_SEARCH_PATHS = (
					"$(OF_CORE_HEADERS)",
					src,
					../../../addons/ofxCocoa/libs,
					../../../addons/ofxCocoa/src,
					../../../addons/ofxLibwebsockets/libs/jsoncpp,
					../../../addons/ofxLibwebsockets/libs/libwebsockets/include/,
					../../../addons/ofxLibwebsockets/libs/jsoncpp/json,
					../../../addons/ofxLibwebsockets/libs/openssl/openssl,
					../../../addons/ofxLibwebsockets/libs/ofxLibwebsockets/include,
					../../../addons/ofxLibwebsockets/libs/ofxLibwebsockets/include/ofxLibwebsockets,
					../../../addons/ofxLibwebsockets/libs/ofxLibwebsockets/src,
					../../../addons/ofxLibwebsockets/src,
					../../../addons/ofxAVFVideoPlayer/src,
				);
				ICON = "$(ICON_NAME_DEBUG)";
				ICON_FILE = "$(ICON_FILE_PATH)$(ICON)";
				INFOPLIST_FILE = "openFrameworks-Info.plist";
				INSTALL_PATH = "$(HOME)/Applications";
				LIBRARY_SEARCH_PATHS = (
					"$(inherited)",
					"$(LIBRARY_SEARCH_PATHS_QUOTED_FOR_TARGET_1)",
					"$(LIBRARY_SEARCH_PATHS_QUOTED_FOR_TARGET_2)",
					"$(LIBRARY_SEARCH_PATHS_QUOTED_FOR_TARGET_3)",
					"$(LIBRARY_SEARCH_PATHS_QUOTED_FOR_TARGET_4)",
					"$(LIBRARY_SEARCH_PATHS_QUOTED_FOR_TARGET_5)",
					"$(LIBRARY_SEARCH_PATHS_QUOTED_FOR_TARGET_6)",
					"$(LIBRARY_SEARCH_PATHS_QUOTED_FOR_TARGET_7)",
					"$(LIBRARY_SEARCH_PATHS_QUOTED_FOR_TARGET_8)",
					"$(LIBRARY_SEARCH_PATHS_QUOTED_FOR_TARGET_9)",
					"$(LIBRARY_SEARCH_PATHS_QUOTED_FOR_TARGET_10)",
					"$(LIBRARY_SEARCH_PATHS_QUOTED_FOR_TARGET_11)",
					"$(LIBRARY_SEARCH_PATHS_QUOTED_FOR_TARGET_12)",
					"$(LIBRARY_SEARCH_PATHS_QUOTED_FOR_TARGET_13)",
					"$(LIBRARY_SEARCH_PATHS_QUOTED_FOR_TARGET_14)",
					"$(LIBRARY_SEARCH_PATHS_QUOTED_FOR_TARGET_15)",
					"$(LIBRARY_SEARCH_PATHS_QUOTED_FOR_TARGET_2)",
					"$(LIBRARY_SEARCH_PATHS_QUOTED_FOR_TARGET_3)",
					"$(LIBRARY_SEARCH_PATHS_QUOTED_FOR_TARGET_7)",
					"$(LIBRARY_SEARCH_PATHS_QUOTED_FOR_TARGET_8)",
					"$(LIBRARY_SEARCH_PATHS_QUOTED_FOR_TARGET_9)",
					"$(LIBRARY_SEARCH_PATHS_QUOTED_FOR_TARGET_10)",
					"$(LIBRARY_SEARCH_PATHS_QUOTED_FOR_TARGET_11)",
					"$(LIBRARY_SEARCH_PATHS_QUOTED_FOR_TARGET_12)",
					"$(LIBRARY_SEARCH_PATHS_QUOTED_FOR_TARGET_13)",
					"$(LIBRARY_SEARCH_PATHS_QUOTED_FOR_TARGET_16)",
					"$(LIBRARY_SEARCH_PATHS_QUOTED_FOR_TARGET_17)",
					"$(LIBRARY_SEARCH_PATHS_QUOTED_FOR_TARGET_18)",
					"$(LIBRARY_SEARCH_PATHS_QUOTED_FOR_TARGET_19)",
					"$(LIBRARY_SEARCH_PATHS_QUOTED_FOR_TARGET_20)",
					"$(LIBRARY_SEARCH_PATHS_QUOTED_FOR_TARGET_21)",
					"$(LIBRARY_SEARCH_PATHS_QUOTED_FOR_TARGET_22)",
					"$(LIBRARY_SEARCH_PATHS_QUOTED_FOR_TARGET_23)",
					"$(LIBRARY_SEARCH_PATHS_QUOTED_FOR_TARGET_24)",
					"$(LIBRARY_SEARCH_PATHS_QUOTED_FOR_TARGET_25)",
					"$(LIBRARY_SEARCH_PATHS_QUOTED_FOR_TARGET_26)",
					"$(LIBRARY_SEARCH_PATHS_QUOTED_FOR_TARGET_27)",
					"$(LIBRARY_SEARCH_PATHS_QUOTED_FOR_TARGET_28)",
					"$(LIBRARY_SEARCH_PATHS_QUOTED_FOR_TARGET_29)",
					"$(LIBRARY_SEARCH_PATHS_QUOTED_FOR_TARGET_30)",
					"$(LIBRARY_SEARCH_PATHS_QUOTED_FOR_TARGET_31)",
					"$(LIBRARY_SEARCH_PATHS_QUOTED_FOR_TARGET_32)",
					"$(LIBRARY_SEARCH_PATHS_QUOTED_FOR_TARGET_33)",
					"$(LIBRARY_SEARCH_PATHS_QUOTED_FOR_TARGET_34)",
					"$(LIBRARY_SEARCH_PATHS_QUOTED_FOR_TARGET_35)",
					"$(LIBRARY_SEARCH_PATHS_QUOTED_FOR_TARGET_36)",
					"$(LIBRARY_SEARCH_PATHS_QUOTED_FOR_TARGET_37)",
					"$(LIBRARY_SEARCH_PATHS_QUOTED_FOR_TARGET_38)",
					"$(LIBRARY_SEARCH_PATHS_QUOTED_FOR_TARGET_39)",
					"$(LIBRARY_SEARCH_PATHS_QUOTED_FOR_TARGET_40)",
					"$(LIBRARY_SEARCH_PATHS_QUOTED_FOR_TARGET_41)",
					"$(LIBRARY_SEARCH_PATHS_QUOTED_FOR_TARGET_42)",
					"$(LIBRARY_SEARCH_PATHS_QUOTED_FOR_TARGET_43)",
					"$(LIBRARY_SEARCH_PATHS_QUOTED_FOR_TARGET_44)",
					"$(LIBRARY_SEARCH_PATHS_QUOTED_FOR_TARGET_45)",
					"$(LIBRARY_SEARCH_PATHS_QUOTED_FOR_TARGET_46)",
					"$(LIBRARY_SEARCH_PATHS_QUOTED_FOR_TARGET_47)",
					"$(LIBRARY_SEARCH_PATHS_QUOTED_FOR_TARGET_48)",
					"$(LIBRARY_SEARCH_PATHS_QUOTED_FOR_TARGET_49)",
					"$(LIBRARY_SEARCH_PATHS_QUOTED_FOR_TARGET_50)",
					"$(LIBRARY_SEARCH_PATHS_QUOTED_FOR_TARGET_51)",
					"$(LIBRARY_SEARCH_PATHS_QUOTED_FOR_TARGET_52)",
					/Users/jmsaavedra/Documents/openFrameworks/openFrameworks_0080_osx/addons/ofxAssimpModelLoader/libs/assimp/lib/osx,
					/Users/jmsaavedra/Documents/openFrameworks/openFrameworks_0080_osx/addons/ofxLibwebsockets/libs/libwebsockets/lib/linux64,
					/Users/jmsaavedra/Documents/openFrameworks/openFrameworks_0080_osx/addons/ofxLibwebsockets/libs/libwebsockets/lib/linuxarmv6l,
					/Users/jmsaavedra/Documents/openFrameworks/openFrameworks_0080_osx/addons/ofxLibwebsockets/libs/libwebsockets/lib/osx,
					/Users/jmsaavedra/Documents/openFrameworks/openFrameworks_0080_osx/addons/ofxLibwebsockets/libs/libwebsockets/lib/win32/Debug,
					/Users/jmsaavedra/Documents/openFrameworks/openFrameworks_0080_osx/addons/ofxLibwebsockets/libs/libwebsockets/lib/win32/Release,
					/Users/jmsaavedra/Documents/openFrameworks/openFrameworks_0080_osx/addons/ofxLibwebsockets/libs/openssl/lib/osx,
					/Users/jmsaavedra/Documents/openFrameworks/openFrameworks_0080_osx/addons/ofxLibwebsockets/libs/openssl/lib/win32,
					"$(PROJECT_DIR)/ofxLibwebsockets/libs/libwebsockets/lib/linux64",
					"$(PROJECT_DIR)/ofxLibwebsockets/libs/libwebsockets/lib/linuxarmv6l",
					"$(PROJECT_DIR)/ofxLibwebsockets/libs/libwebsockets/lib/osx",
					"$(PROJECT_DIR)/ofxLibwebsockets/libs/libwebsockets/lib/win32/Debug",
					"$(PROJECT_DIR)/ofxLibwebsockets/libs/libwebsockets/lib/win32/Release",
					"$(PROJECT_DIR)/ofxLibwebsockets/libs/openssl/lib/osx",
					"$(PROJECT_DIR)/ofxLibwebsockets/libs/openssl/lib/win32",
				);
				MACOSX_DEPLOYMENT_TARGET = 10.9;
				OTHER_LDFLAGS = (
					"$(OF_CORE_LIBS)",
					../../../addons/ofxLibwebsockets/libs/libwebsockets/lib/osx/libwebsockets.a,
					../../../addons/ofxLibwebsockets/libs/openssl/lib/osx/libcrypto.a,
					../../../addons/ofxLibwebsockets/libs/openssl/lib/osx/libssl.a,
				);
				PRODUCT_NAME = 30PP_MapperDebug;
				WRAPPER_EXTENSION = app;
			};
			name = Debug;
		};
		E4B69B610A3A1757003C02F2 /* Release */ = {
			isa = XCBuildConfiguration;
			buildSettings = {
				CLANG_CXX_LIBRARY = "libstdc++";
				COMBINE_HIDPI_IMAGES = YES;
				COPY_PHASE_STRIP = YES;
				FRAMEWORK_SEARCH_PATHS = (
					"$(inherited)",
					"$(FRAMEWORK_SEARCH_PATHS_QUOTED_FOR_TARGET_1)",
				);
				FRAMEWORK_SEARCH_PATHS_QUOTED_FOR_TARGET_1 = "\"$(SRCROOT)/../../../libs/glut/lib/osx\"";
				GCC_GENERATE_DEBUGGING_SYMBOLS = YES;
				GCC_MODEL_TUNING = NONE;
				HEADER_SEARCH_PATHS = (
					"$(OF_CORE_HEADERS)",
					src,
					../../../addons/ofxCocoa/libs,
					../../../addons/ofxCocoa/src,
					../../../addons/ofxLibwebsockets/libs/jsoncpp,
					../../../addons/ofxLibwebsockets/libs/libwebsockets/include/,
					../../../addons/ofxLibwebsockets/libs/jsoncpp/json,
					../../../addons/ofxLibwebsockets/libs/openssl/openssl,
					../../../addons/ofxLibwebsockets/libs/ofxLibwebsockets/include,
					../../../addons/ofxLibwebsockets/libs/ofxLibwebsockets/include/ofxLibwebsockets,
					../../../addons/ofxLibwebsockets/libs/ofxLibwebsockets/src,
					../../../addons/ofxLibwebsockets/src,
					../../../addons/ofxAVFVideoPlayer/src,
				);
				ICON = "$(ICON_NAME_RELEASE)";
				ICON_FILE = "$(ICON_FILE_PATH)$(ICON)";
				INFOPLIST_FILE = "openFrameworks-Info.plist";
				INSTALL_PATH = "$(HOME)/Applications";
				LIBRARY_SEARCH_PATHS = (
					"$(inherited)",
					"$(LIBRARY_SEARCH_PATHS_QUOTED_FOR_TARGET_1)",
					"$(LIBRARY_SEARCH_PATHS_QUOTED_FOR_TARGET_2)",
					"$(LIBRARY_SEARCH_PATHS_QUOTED_FOR_TARGET_3)",
					"$(LIBRARY_SEARCH_PATHS_QUOTED_FOR_TARGET_4)",
					"$(LIBRARY_SEARCH_PATHS_QUOTED_FOR_TARGET_5)",
					"$(LIBRARY_SEARCH_PATHS_QUOTED_FOR_TARGET_6)",
					"$(LIBRARY_SEARCH_PATHS_QUOTED_FOR_TARGET_7)",
					"$(LIBRARY_SEARCH_PATHS_QUOTED_FOR_TARGET_8)",
					"$(LIBRARY_SEARCH_PATHS_QUOTED_FOR_TARGET_9)",
					"$(LIBRARY_SEARCH_PATHS_QUOTED_FOR_TARGET_10)",
					"$(LIBRARY_SEARCH_PATHS_QUOTED_FOR_TARGET_11)",
					"$(LIBRARY_SEARCH_PATHS_QUOTED_FOR_TARGET_12)",
					"$(LIBRARY_SEARCH_PATHS_QUOTED_FOR_TARGET_13)",
					"$(LIBRARY_SEARCH_PATHS_QUOTED_FOR_TARGET_14)",
					"$(LIBRARY_SEARCH_PATHS_QUOTED_FOR_TARGET_15)",
					"$(LIBRARY_SEARCH_PATHS_QUOTED_FOR_TARGET_2)",
					"$(LIBRARY_SEARCH_PATHS_QUOTED_1)",
					"$(LIBRARY_SEARCH_PATHS_QUOTED_FOR_TARGET_3)",
					"$(LIBRARY_SEARCH_PATHS_QUOTED_FOR_TARGET_7)",
					"$(LIBRARY_SEARCH_PATHS_QUOTED_FOR_TARGET_8)",
					"$(LIBRARY_SEARCH_PATHS_QUOTED_FOR_TARGET_9)",
					"$(LIBRARY_SEARCH_PATHS_QUOTED_FOR_TARGET_10)",
					"$(LIBRARY_SEARCH_PATHS_QUOTED_FOR_TARGET_11)",
					"$(LIBRARY_SEARCH_PATHS_QUOTED_FOR_TARGET_12)",
					"$(LIBRARY_SEARCH_PATHS_QUOTED_FOR_TARGET_13)",
					"$(LIBRARY_SEARCH_PATHS_QUOTED_FOR_TARGET_16)",
					"$(LIBRARY_SEARCH_PATHS_QUOTED_FOR_TARGET_17)",
					"$(LIBRARY_SEARCH_PATHS_QUOTED_FOR_TARGET_18)",
					"$(LIBRARY_SEARCH_PATHS_QUOTED_FOR_TARGET_19)",
					"$(LIBRARY_SEARCH_PATHS_QUOTED_FOR_TARGET_20)",
					"$(LIBRARY_SEARCH_PATHS_QUOTED_FOR_TARGET_21)",
					"$(LIBRARY_SEARCH_PATHS_QUOTED_FOR_TARGET_22)",
					"$(LIBRARY_SEARCH_PATHS_QUOTED_FOR_TARGET_23)",
					"$(LIBRARY_SEARCH_PATHS_QUOTED_FOR_TARGET_24)",
					"$(LIBRARY_SEARCH_PATHS_QUOTED_FOR_TARGET_25)",
					"$(LIBRARY_SEARCH_PATHS_QUOTED_FOR_TARGET_26)",
					"$(LIBRARY_SEARCH_PATHS_QUOTED_FOR_TARGET_27)",
					"$(LIBRARY_SEARCH_PATHS_QUOTED_FOR_TARGET_28)",
					"$(LIBRARY_SEARCH_PATHS_QUOTED_FOR_TARGET_29)",
					"$(LIBRARY_SEARCH_PATHS_QUOTED_FOR_TARGET_30)",
					"$(LIBRARY_SEARCH_PATHS_QUOTED_FOR_TARGET_31)",
					"$(LIBRARY_SEARCH_PATHS_QUOTED_FOR_TARGET_32)",
					"$(LIBRARY_SEARCH_PATHS_QUOTED_FOR_TARGET_33)",
					"$(LIBRARY_SEARCH_PATHS_QUOTED_FOR_TARGET_34)",
					"$(LIBRARY_SEARCH_PATHS_QUOTED_FOR_TARGET_35)",
					"$(LIBRARY_SEARCH_PATHS_QUOTED_FOR_TARGET_36)",
					"$(LIBRARY_SEARCH_PATHS_QUOTED_FOR_TARGET_37)",
					"$(LIBRARY_SEARCH_PATHS_QUOTED_FOR_TARGET_38)",
					"$(LIBRARY_SEARCH_PATHS_QUOTED_FOR_TARGET_39)",
					"$(LIBRARY_SEARCH_PATHS_QUOTED_FOR_TARGET_40)",
					"$(LIBRARY_SEARCH_PATHS_QUOTED_FOR_TARGET_41)",
					"$(LIBRARY_SEARCH_PATHS_QUOTED_FOR_TARGET_42)",
					"$(LIBRARY_SEARCH_PATHS_QUOTED_FOR_TARGET_43)",
					"$(LIBRARY_SEARCH_PATHS_QUOTED_FOR_TARGET_44)",
					"$(LIBRARY_SEARCH_PATHS_QUOTED_FOR_TARGET_45)",
					"$(LIBRARY_SEARCH_PATHS_QUOTED_FOR_TARGET_46)",
					"$(LIBRARY_SEARCH_PATHS_QUOTED_FOR_TARGET_47)",
					"$(LIBRARY_SEARCH_PATHS_QUOTED_FOR_TARGET_48)",
					"$(LIBRARY_SEARCH_PATHS_QUOTED_FOR_TARGET_49)",
					"$(LIBRARY_SEARCH_PATHS_QUOTED_FOR_TARGET_50)",
					"$(LIBRARY_SEARCH_PATHS_QUOTED_FOR_TARGET_51)",
					/Users/jmsaavedra/Documents/openFrameworks/openFrameworks_0080_osx/addons/ofxAssimpModelLoader/libs/assimp/lib/osx,
					/Users/jmsaavedra/Documents/openFrameworks/openFrameworks_0080_osx/addons/ofxLibwebsockets/libs/libwebsockets/lib/linux64,
					/Users/jmsaavedra/Documents/openFrameworks/openFrameworks_0080_osx/addons/ofxLibwebsockets/libs/libwebsockets/lib/linuxarmv6l,
					/Users/jmsaavedra/Documents/openFrameworks/openFrameworks_0080_osx/addons/ofxLibwebsockets/libs/libwebsockets/lib/osx,
					/Users/jmsaavedra/Documents/openFrameworks/openFrameworks_0080_osx/addons/ofxLibwebsockets/libs/libwebsockets/lib/win32/Debug,
					/Users/jmsaavedra/Documents/openFrameworks/openFrameworks_0080_osx/addons/ofxLibwebsockets/libs/libwebsockets/lib/win32/Release,
					/Users/jmsaavedra/Documents/openFrameworks/openFrameworks_0080_osx/addons/ofxLibwebsockets/libs/openssl/lib/osx,
					/Users/jmsaavedra/Documents/openFrameworks/openFrameworks_0080_osx/addons/ofxLibwebsockets/libs/openssl/lib/win32,
					"$(PROJECT_DIR)/ofxLibwebsockets/libs/libwebsockets/lib/linux64",
					"$(PROJECT_DIR)/ofxLibwebsockets/libs/libwebsockets/lib/linuxarmv6l",
					"$(PROJECT_DIR)/ofxLibwebsockets/libs/libwebsockets/lib/osx",
					"$(PROJECT_DIR)/ofxLibwebsockets/libs/libwebsockets/lib/win32/Debug",
					"$(PROJECT_DIR)/ofxLibwebsockets/libs/libwebsockets/lib/win32/Release",
					"$(PROJECT_DIR)/ofxLibwebsockets/libs/openssl/lib/osx",
					"$(PROJECT_DIR)/ofxLibwebsockets/libs/openssl/lib/win32",
				);
				MACOSX_DEPLOYMENT_TARGET = 10.9;
				OTHER_LDFLAGS = (
					"$(OF_CORE_LIBS)",
					../../../addons/ofxLibwebsockets/libs/libwebsockets/lib/osx/libwebsockets.a,
					../../../addons/ofxLibwebsockets/libs/openssl/lib/osx/libcrypto.a,
					../../../addons/ofxLibwebsockets/libs/openssl/lib/osx/libssl.a,
				);
				PRODUCT_NAME = 30PP_Mapper;
				WRAPPER_EXTENSION = app;
			};
			name = Release;
		};
/* End XCBuildConfiguration section */

/* Begin XCConfigurationList section */
		E4B69B4D0A3A1720003C02F2 /* Build configuration list for PBXProject "30PP_Mapper" */ = {
			isa = XCConfigurationList;
			buildConfigurations = (
				E4B69B4E0A3A1720003C02F2 /* Debug */,
				E4B69B4F0A3A1720003C02F2 /* Release */,
			);
			defaultConfigurationIsVisible = 0;
			defaultConfigurationName = Release;
		};
		E4B69B5F0A3A1757003C02F2 /* Build configuration list for PBXNativeTarget "30PP_Mapper" */ = {
			isa = XCConfigurationList;
			buildConfigurations = (
				E4B69B600A3A1757003C02F2 /* Debug */,
				E4B69B610A3A1757003C02F2 /* Release */,
			);
			defaultConfigurationIsVisible = 0;
			defaultConfigurationName = Release;
		};
/* End XCConfigurationList section */
	};
	rootObject = E4B69B4C0A3A1720003C02F2 /* Project object */;
}
